// !$*UTF8*$!
{
	archiveVersion = 1;
	classes = {
	};
	objectVersion = 55;
	objects = {

/* Begin PBXBuildFile section */
		42FF51D627D6DE5F00E74781 /* AppDelegate.swift in Sources */ = {isa = PBXBuildFile; fileRef = 42FF51D527D6DE5F00E74781 /* AppDelegate.swift */; };
		42FF51D827D6DE5F00E74781 /* SceneDelegate.swift in Sources */ = {isa = PBXBuildFile; fileRef = 42FF51D727D6DE5F00E74781 /* SceneDelegate.swift */; };
		42FF51DA27D6DE5F00E74781 /* ViewController.swift in Sources */ = {isa = PBXBuildFile; fileRef = 42FF51D927D6DE5F00E74781 /* ViewController.swift */; };
		42FF51DD27D6DE5F00E74781 /* Main.storyboard in Resources */ = {isa = PBXBuildFile; fileRef = 42FF51DB27D6DE5F00E74781 /* Main.storyboard */; };
		42FF51DF27D6DE6000E74781 /* Assets.xcassets in Resources */ = {isa = PBXBuildFile; fileRef = 42FF51DE27D6DE6000E74781 /* Assets.xcassets */; };
		42FF51E227D6DE6000E74781 /* LaunchScreen.storyboard in Resources */ = {isa = PBXBuildFile; fileRef = 42FF51E027D6DE6000E74781 /* LaunchScreen.storyboard */; };
		42FF51ED27D6DE6000E74781 /* NetworkingTests.swift in Sources */ = {isa = PBXBuildFile; fileRef = 42FF51EC27D6DE6000E74781 /* NetworkingTests.swift */; };
		42FF51F727D6DE6000E74781 /* NetworkingUITests.swift in Sources */ = {isa = PBXBuildFile; fileRef = 42FF51F627D6DE6000E74781 /* NetworkingUITests.swift */; };
		42FF51F927D6DE6000E74781 /* NetworkingUITestsLaunchTests.swift in Sources */ = {isa = PBXBuildFile; fileRef = 42FF51F827D6DE6000E74781 /* NetworkingUITestsLaunchTests.swift */; };
		42FF520827D7440B00E74781 /* Model.swift in Sources */ = {isa = PBXBuildFile; fileRef = 42FF520727D7440B00E74781 /* Model.swift */; };
		42FF520A27D8B65600E74781 /* Request.swift in Sources */ = {isa = PBXBuildFile; fileRef = 42FF520927D8B65600E74781 /* Request.swift */; };
/* End PBXBuildFile section */

/* Begin PBXContainerItemProxy section */
		42FF51E927D6DE6000E74781 /* PBXContainerItemProxy */ = {
			isa = PBXContainerItemProxy;
			containerPortal = 42FF51CA27D6DE5F00E74781 /* Project object */;
			proxyType = 1;
			remoteGlobalIDString = 42FF51D127D6DE5F00E74781;
			remoteInfo = Networking;
		};
		42FF51F327D6DE6000E74781 /* PBXContainerItemProxy */ = {
			isa = PBXContainerItemProxy;
			containerPortal = 42FF51CA27D6DE5F00E74781 /* Project object */;
			proxyType = 1;
			remoteGlobalIDString = 42FF51D127D6DE5F00E74781;
			remoteInfo = Networking;
		};
/* End PBXContainerItemProxy section */

/* Begin PBXFileReference section */
		42FF51D227D6DE5F00E74781 /* Networking.app */ = {isa = PBXFileReference; explicitFileType = wrapper.application; includeInIndex = 0; path = Networking.app; sourceTree = BUILT_PRODUCTS_DIR; };
		42FF51D527D6DE5F00E74781 /* AppDelegate.swift */ = {isa = PBXFileReference; lastKnownFileType = sourcecode.swift; path = AppDelegate.swift; sourceTree = "<group>"; };
		42FF51D727D6DE5F00E74781 /* SceneDelegate.swift */ = {isa = PBXFileReference; lastKnownFileType = sourcecode.swift; path = SceneDelegate.swift; sourceTree = "<group>"; };
		42FF51D927D6DE5F00E74781 /* ViewController.swift */ = {isa = PBXFileReference; lastKnownFileType = sourcecode.swift; path = ViewController.swift; sourceTree = "<group>"; };
		42FF51DC27D6DE5F00E74781 /* Base */ = {isa = PBXFileReference; lastKnownFileType = file.storyboard; name = Base; path = Base.lproj/Main.storyboard; sourceTree = "<group>"; };
		42FF51DE27D6DE6000E74781 /* Assets.xcassets */ = {isa = PBXFileReference; lastKnownFileType = folder.assetcatalog; path = Assets.xcassets; sourceTree = "<group>"; };
		42FF51E127D6DE6000E74781 /* Base */ = {isa = PBXFileReference; lastKnownFileType = file.storyboard; name = Base; path = Base.lproj/LaunchScreen.storyboard; sourceTree = "<group>"; };
		42FF51E327D6DE6000E74781 /* Info.plist */ = {isa = PBXFileReference; lastKnownFileType = text.plist.xml; path = Info.plist; sourceTree = "<group>"; };
		42FF51E827D6DE6000E74781 /* NetworkingTests.xctest */ = {isa = PBXFileReference; explicitFileType = wrapper.cfbundle; includeInIndex = 0; path = NetworkingTests.xctest; sourceTree = BUILT_PRODUCTS_DIR; };
		42FF51EC27D6DE6000E74781 /* NetworkingTests.swift */ = {isa = PBXFileReference; lastKnownFileType = sourcecode.swift; path = NetworkingTests.swift; sourceTree = "<group>"; };
		42FF51F227D6DE6000E74781 /* NetworkingUITests.xctest */ = {isa = PBXFileReference; explicitFileType = wrapper.cfbundle; includeInIndex = 0; path = NetworkingUITests.xctest; sourceTree = BUILT_PRODUCTS_DIR; };
		42FF51F627D6DE6000E74781 /* NetworkingUITests.swift */ = {isa = PBXFileReference; lastKnownFileType = sourcecode.swift; path = NetworkingUITests.swift; sourceTree = "<group>"; };
		42FF51F827D6DE6000E74781 /* NetworkingUITestsLaunchTests.swift */ = {isa = PBXFileReference; lastKnownFileType = sourcecode.swift; path = NetworkingUITestsLaunchTests.swift; sourceTree = "<group>"; };
		42FF520727D7440B00E74781 /* Model.swift */ = {isa = PBXFileReference; lastKnownFileType = sourcecode.swift; path = Model.swift; sourceTree = "<group>"; };
		42FF520927D8B65600E74781 /* Request.swift */ = {isa = PBXFileReference; lastKnownFileType = sourcecode.swift; path = Request.swift; sourceTree = "<group>"; };
/* End PBXFileReference section */

/* Begin PBXFrameworksBuildPhase section */
		42FF51CF27D6DE5F00E74781 /* Frameworks */ = {
			isa = PBXFrameworksBuildPhase;
			buildActionMask = 2147483647;
			files = (
			);
			runOnlyForDeploymentPostprocessing = 0;
		};
		42FF51E527D6DE6000E74781 /* Frameworks */ = {
			isa = PBXFrameworksBuildPhase;
			buildActionMask = 2147483647;
			files = (
			);
			runOnlyForDeploymentPostprocessing = 0;
		};
		42FF51EF27D6DE6000E74781 /* Frameworks */ = {
			isa = PBXFrameworksBuildPhase;
			buildActionMask = 2147483647;
			files = (
			);
			runOnlyForDeploymentPostprocessing = 0;
		};
/* End PBXFrameworksBuildPhase section */

/* Begin PBXGroup section */
		42FF51C927D6DE5F00E74781 = {
			isa = PBXGroup;
			children = (
				42FF51D427D6DE5F00E74781 /* Networking */,
				42FF51EB27D6DE6000E74781 /* NetworkingTests */,
				42FF51F527D6DE6000E74781 /* NetworkingUITests */,
				42FF51D327D6DE5F00E74781 /* Products */,
			);
			sourceTree = "<group>";
		};
		42FF51D327D6DE5F00E74781 /* Products */ = {
			isa = PBXGroup;
			children = (
				42FF51D227D6DE5F00E74781 /* Networking.app */,
				42FF51E827D6DE6000E74781 /* NetworkingTests.xctest */,
				42FF51F227D6DE6000E74781 /* NetworkingUITests.xctest */,
			);
			name = Products;
			sourceTree = "<group>";
		};
		42FF51D427D6DE5F00E74781 /* Networking */ = {
			isa = PBXGroup;
			children = (
				42FF51D527D6DE5F00E74781 /* AppDelegate.swift */,
				42FF520927D8B65600E74781 /* Request.swift */,
				42FF51D727D6DE5F00E74781 /* SceneDelegate.swift */,
				42FF51D927D6DE5F00E74781 /* ViewController.swift */,
				42FF51DB27D6DE5F00E74781 /* Main.storyboard */,
				42FF520727D7440B00E74781 /* Model.swift */,
				42FF51DE27D6DE6000E74781 /* Assets.xcassets */,
				42FF51E027D6DE6000E74781 /* LaunchScreen.storyboard */,
				42FF51E327D6DE6000E74781 /* Info.plist */,
			);
			path = Networking;
			sourceTree = "<group>";
		};
		42FF51EB27D6DE6000E74781 /* NetworkingTests */ = {
			isa = PBXGroup;
			children = (
				42FF51EC27D6DE6000E74781 /* NetworkingTests.swift */,
			);
			path = NetworkingTests;
			sourceTree = "<group>";
		};
		42FF51F527D6DE6000E74781 /* NetworkingUITests */ = {
			isa = PBXGroup;
			children = (
				42FF51F627D6DE6000E74781 /* NetworkingUITests.swift */,
				42FF51F827D6DE6000E74781 /* NetworkingUITestsLaunchTests.swift */,
			);
			path = NetworkingUITests;
			sourceTree = "<group>";
		};
/* End PBXGroup section */

/* Begin PBXNativeTarget section */
		42FF51D127D6DE5F00E74781 /* Networking */ = {
			isa = PBXNativeTarget;
			buildConfigurationList = 42FF51FC27D6DE6000E74781 /* Build configuration list for PBXNativeTarget "Networking" */;
			buildPhases = (
				42FF51CE27D6DE5F00E74781 /* Sources */,
				42FF51CF27D6DE5F00E74781 /* Frameworks */,
				42FF51D027D6DE5F00E74781 /* Resources */,
			);
			buildRules = (
			);
			dependencies = (
			);
			name = Networking;
			productName = Networking;
			productReference = 42FF51D227D6DE5F00E74781 /* Networking.app */;
			productType = "com.apple.product-type.application";
		};
		42FF51E727D6DE6000E74781 /* NetworkingTests */ = {
			isa = PBXNativeTarget;
			buildConfigurationList = 42FF51FF27D6DE6000E74781 /* Build configuration list for PBXNativeTarget "NetworkingTests" */;
			buildPhases = (
				42FF51E427D6DE6000E74781 /* Sources */,
				42FF51E527D6DE6000E74781 /* Frameworks */,
				42FF51E627D6DE6000E74781 /* Resources */,
			);
			buildRules = (
			);
			dependencies = (
				42FF51EA27D6DE6000E74781 /* PBXTargetDependency */,
			);
			name = NetworkingTests;
			productName = NetworkingTests;
			productReference = 42FF51E827D6DE6000E74781 /* NetworkingTests.xctest */;
			productType = "com.apple.product-type.bundle.unit-test";
		};
		42FF51F127D6DE6000E74781 /* NetworkingUITests */ = {
			isa = PBXNativeTarget;
			buildConfigurationList = 42FF520227D6DE6000E74781 /* Build configuration list for PBXNativeTarget "NetworkingUITests" */;
			buildPhases = (
				42FF51EE27D6DE6000E74781 /* Sources */,
				42FF51EF27D6DE6000E74781 /* Frameworks */,
				42FF51F027D6DE6000E74781 /* Resources */,
			);
			buildRules = (
			);
			dependencies = (
				42FF51F427D6DE6000E74781 /* PBXTargetDependency */,
			);
			name = NetworkingUITests;
			productName = NetworkingUITests;
			productReference = 42FF51F227D6DE6000E74781 /* NetworkingUITests.xctest */;
			productType = "com.apple.product-type.bundle.ui-testing";
		};
/* End PBXNativeTarget section */

/* Begin PBXProject section */
		42FF51CA27D6DE5F00E74781 /* Project object */ = {
			isa = PBXProject;
			attributes = {
				BuildIndependentTargetsInParallel = 1;
				LastSwiftUpdateCheck = 1320;
				LastUpgradeCheck = 1320;
				TargetAttributes = {
					42FF51D127D6DE5F00E74781 = {
						CreatedOnToolsVersion = 13.2.1;
					};
					42FF51E727D6DE6000E74781 = {
						CreatedOnToolsVersion = 13.2.1;
						TestTargetID = 42FF51D127D6DE5F00E74781;
					};
					42FF51F127D6DE6000E74781 = {
						CreatedOnToolsVersion = 13.2.1;
						TestTargetID = 42FF51D127D6DE5F00E74781;
					};
				};
			};
			buildConfigurationList = 42FF51CD27D6DE5F00E74781 /* Build configuration list for PBXProject "Networking" */;
			compatibilityVersion = "Xcode 13.0";
			developmentRegion = en;
			hasScannedForEncodings = 0;
			knownRegions = (
				en,
				Base,
			);
			mainGroup = 42FF51C927D6DE5F00E74781;
			productRefGroup = 42FF51D327D6DE5F00E74781 /* Products */;
			projectDirPath = "";
			projectRoot = "";
			targets = (
				42FF51D127D6DE5F00E74781 /* Networking */,
				42FF51E727D6DE6000E74781 /* NetworkingTests */,
				42FF51F127D6DE6000E74781 /* NetworkingUITests */,
			);
		};
/* End PBXProject section */

/* Begin PBXResourcesBuildPhase section */
		42FF51D027D6DE5F00E74781 /* Resources */ = {
			isa = PBXResourcesBuildPhase;
			buildActionMask = 2147483647;
			files = (
				42FF51E227D6DE6000E74781 /* LaunchScreen.storyboard in Resources */,
				42FF51DF27D6DE6000E74781 /* Assets.xcassets in Resources */,
				42FF51DD27D6DE5F00E74781 /* Main.storyboard in Resources */,
			);
			runOnlyForDeploymentPostprocessing = 0;
		};
		42FF51E627D6DE6000E74781 /* Resources */ = {
			isa = PBXResourcesBuildPhase;
			buildActionMask = 2147483647;
			files = (
			);
			runOnlyForDeploymentPostprocessing = 0;
		};
		42FF51F027D6DE6000E74781 /* Resources */ = {
			isa = PBXResourcesBuildPhase;
			buildActionMask = 2147483647;
			files = (
			);
			runOnlyForDeploymentPostprocessing = 0;
		};
/* End PBXResourcesBuildPhase section */

/* Begin PBXSourcesBuildPhase section */
		42FF51CE27D6DE5F00E74781 /* Sources */ = {
			isa = PBXSourcesBuildPhase;
			buildActionMask = 2147483647;
			files = (
				42FF51DA27D6DE5F00E74781 /* ViewController.swift in Sources */,
				42FF51D627D6DE5F00E74781 /* AppDelegate.swift in Sources */,
				42FF520A27D8B65600E74781 /* Request.swift in Sources */,
				42FF51D827D6DE5F00E74781 /* SceneDelegate.swift in Sources */,
				42FF520827D7440B00E74781 /* Model.swift in Sources */,
			);
			runOnlyForDeploymentPostprocessing = 0;
		};
		42FF51E427D6DE6000E74781 /* Sources */ = {
			isa = PBXSourcesBuildPhase;
			buildActionMask = 2147483647;
			files = (
				42FF51ED27D6DE6000E74781 /* NetworkingTests.swift in Sources */,
			);
			runOnlyForDeploymentPostprocessing = 0;
		};
		42FF51EE27D6DE6000E74781 /* Sources */ = {
			isa = PBXSourcesBuildPhase;
			buildActionMask = 2147483647;
			files = (
				42FF51F927D6DE6000E74781 /* NetworkingUITestsLaunchTests.swift in Sources */,
				42FF51F727D6DE6000E74781 /* NetworkingUITests.swift in Sources */,
			);
			runOnlyForDeploymentPostprocessing = 0;
		};
/* End PBXSourcesBuildPhase section */

/* Begin PBXTargetDependency section */
		42FF51EA27D6DE6000E74781 /* PBXTargetDependency */ = {
			isa = PBXTargetDependency;
			target = 42FF51D127D6DE5F00E74781 /* Networking */;
			targetProxy = 42FF51E927D6DE6000E74781 /* PBXContainerItemProxy */;
		};
		42FF51F427D6DE6000E74781 /* PBXTargetDependency */ = {
			isa = PBXTargetDependency;
			target = 42FF51D127D6DE5F00E74781 /* Networking */;
			targetProxy = 42FF51F327D6DE6000E74781 /* PBXContainerItemProxy */;
		};
/* End PBXTargetDependency section */

/* Begin PBXVariantGroup section */
		42FF51DB27D6DE5F00E74781 /* Main.storyboard */ = {
			isa = PBXVariantGroup;
			children = (
				42FF51DC27D6DE5F00E74781 /* Base */,
			);
			name = Main.storyboard;
			sourceTree = "<group>";
		};
		42FF51E027D6DE6000E74781 /* LaunchScreen.storyboard */ = {
			isa = PBXVariantGroup;
			children = (
				42FF51E127D6DE6000E74781 /* Base */,
			);
			name = LaunchScreen.storyboard;
			sourceTree = "<group>";
		};
/* End PBXVariantGroup section */

/* Begin XCBuildConfiguration section */
		42FF51FA27D6DE6000E74781 /* Debug */ = {
			isa = XCBuildConfiguration;
			buildSettings = {
				ALWAYS_SEARCH_USER_PATHS = NO;
				CLANG_ANALYZER_NONNULL = YES;
				CLANG_ANALYZER_NUMBER_OBJECT_CONVERSION = YES_AGGRESSIVE;
				CLANG_CXX_LANGUAGE_STANDARD = "gnu++17";
				CLANG_CXX_LIBRARY = "libc++";
				CLANG_ENABLE_MODULES = YES;
				CLANG_ENABLE_OBJC_ARC = YES;
				CLANG_ENABLE_OBJC_WEAK = YES;
				CLANG_WARN_BLOCK_CAPTURE_AUTORELEASING = YES;
				CLANG_WARN_BOOL_CONVERSION = YES;
				CLANG_WARN_COMMA = YES;
				CLANG_WARN_CONSTANT_CONVERSION = YES;
				CLANG_WARN_DEPRECATED_OBJC_IMPLEMENTATIONS = YES;
				CLANG_WARN_DIRECT_OBJC_ISA_USAGE = YES_ERROR;
				CLANG_WARN_DOCUMENTATION_COMMENTS = YES;
				CLANG_WARN_EMPTY_BODY = YES;
				CLANG_WARN_ENUM_CONVERSION = YES;
				CLANG_WARN_INFINITE_RECURSION = YES;
				CLANG_WARN_INT_CONVERSION = YES;
				CLANG_WARN_NON_LITERAL_NULL_CONVERSION = YES;
				CLANG_WARN_OBJC_IMPLICIT_RETAIN_SELF = YES;
				CLANG_WARN_OBJC_LITERAL_CONVERSION = YES;
				CLANG_WARN_OBJC_ROOT_CLASS = YES_ERROR;
				CLANG_WARN_QUOTED_INCLUDE_IN_FRAMEWORK_HEADER = YES;
				CLANG_WARN_RANGE_LOOP_ANALYSIS = YES;
				CLANG_WARN_STRICT_PROTOTYPES = YES;
				CLANG_WARN_SUSPICIOUS_MOVE = YES;
				CLANG_WARN_UNGUARDED_AVAILABILITY = YES_AGGRESSIVE;
				CLANG_WARN_UNREACHABLE_CODE = YES;
				CLANG_WARN__DUPLICATE_METHOD_MATCH = YES;
				COPY_PHASE_STRIP = NO;
				DEBUG_INFORMATION_FORMAT = dwarf;
				ENABLE_STRICT_OBJC_MSGSEND = YES;
				ENABLE_TESTABILITY = YES;
				GCC_C_LANGUAGE_STANDARD = gnu11;
				GCC_DYNAMIC_NO_PIC = NO;
				GCC_NO_COMMON_BLOCKS = YES;
				GCC_OPTIMIZATION_LEVEL = 0;
				GCC_PREPROCESSOR_DEFINITIONS = (
					"DEBUG=1",
					"$(inherited)",
				);
				GCC_WARN_64_TO_32_BIT_CONVERSION = YES;
				GCC_WARN_ABOUT_RETURN_TYPE = YES_ERROR;
				GCC_WARN_UNDECLARED_SELECTOR = YES;
				GCC_WARN_UNINITIALIZED_AUTOS = YES_AGGRESSIVE;
				GCC_WARN_UNUSED_FUNCTION = YES;
				GCC_WARN_UNUSED_VARIABLE = YES;
				IPHONEOS_DEPLOYMENT_TARGET = 15.2;
				MTL_ENABLE_DEBUG_INFO = INCLUDE_SOURCE;
				MTL_FAST_MATH = YES;
				ONLY_ACTIVE_ARCH = YES;
				SDKROOT = iphoneos;
				SWIFT_ACTIVE_COMPILATION_CONDITIONS = DEBUG;
				SWIFT_OPTIMIZATION_LEVEL = "-Onone";
			};
			name = Debug;
		};
		42FF51FB27D6DE6000E74781 /* Release */ = {
			isa = XCBuildConfiguration;
			buildSettings = {
				ALWAYS_SEARCH_USER_PATHS = NO;
				CLANG_ANALYZER_NONNULL = YES;
				CLANG_ANALYZER_NUMBER_OBJECT_CONVERSION = YES_AGGRESSIVE;
				CLANG_CXX_LANGUAGE_STANDARD = "gnu++17";
				CLANG_CXX_LIBRARY = "libc++";
				CLANG_ENABLE_MODULES = YES;
				CLANG_ENABLE_OBJC_ARC = YES;
				CLANG_ENABLE_OBJC_WEAK = YES;
				CLANG_WARN_BLOCK_CAPTURE_AUTORELEASING = YES;
				CLANG_WARN_BOOL_CONVERSION = YES;
				CLANG_WARN_COMMA = YES;
				CLANG_WARN_CONSTANT_CONVERSION = YES;
				CLANG_WARN_DEPRECATED_OBJC_IMPLEMENTATIONS = YES;
				CLANG_WARN_DIRECT_OBJC_ISA_USAGE = YES_ERROR;
				CLANG_WARN_DOCUMENTATION_COMMENTS = YES;
				CLANG_WARN_EMPTY_BODY = YES;
				CLANG_WARN_ENUM_CONVERSION = YES;
				CLANG_WARN_INFINITE_RECURSION = YES;
				CLANG_WARN_INT_CONVERSION = YES;
				CLANG_WARN_NON_LITERAL_NULL_CONVERSION = YES;
				CLANG_WARN_OBJC_IMPLICIT_RETAIN_SELF = YES;
				CLANG_WARN_OBJC_LITERAL_CONVERSION = YES;
				CLANG_WARN_OBJC_ROOT_CLASS = YES_ERROR;
				CLANG_WARN_QUOTED_INCLUDE_IN_FRAMEWORK_HEADER = YES;
				CLANG_WARN_RANGE_LOOP_ANALYSIS = YES;
				CLANG_WARN_STRICT_PROTOTYPES = YES;
				CLANG_WARN_SUSPICIOUS_MOVE = YES;
				CLANG_WARN_UNGUARDED_AVAILABILITY = YES_AGGRESSIVE;
				CLANG_WARN_UNREACHABLE_CODE = YES;
				CLANG_WARN__DUPLICATE_METHOD_MATCH = YES;
				COPY_PHASE_STRIP = NO;
				DEBUG_INFORMATION_FORMAT = "dwarf-with-dsym";
				ENABLE_NS_ASSERTIONS = NO;
				ENABLE_STRICT_OBJC_MSGSEND = YES;
				GCC_C_LANGUAGE_STANDARD = gnu11;
				GCC_NO_COMMON_BLOCKS = YES;
				GCC_WARN_64_TO_32_BIT_CONVERSION = YES;
				GCC_WARN_ABOUT_RETURN_TYPE = YES_ERROR;
				GCC_WARN_UNDECLARED_SELECTOR = YES;
				GCC_WARN_UNINITIALIZED_AUTOS = YES_AGGRESSIVE;
				GCC_WARN_UNUSED_FUNCTION = YES;
				GCC_WARN_UNUSED_VARIABLE = YES;
				IPHONEOS_DEPLOYMENT_TARGET = 15.2;
				MTL_ENABLE_DEBUG_INFO = NO;
				MTL_FAST_MATH = YES;
				SDKROOT = iphoneos;
				SWIFT_COMPILATION_MODE = wholemodule;
				SWIFT_OPTIMIZATION_LEVEL = "-O";
				VALIDATE_PRODUCT = YES;
			};
			name = Release;
		};
		42FF51FD27D6DE6000E74781 /* Debug */ = {
			isa = XCBuildConfiguration;
			buildSettings = {
				ASSETCATALOG_COMPILER_APPICON_NAME = AppIcon;
				ASSETCATALOG_COMPILER_GLOBAL_ACCENT_COLOR_NAME = AccentColor;
				CODE_SIGN_STYLE = Automatic;
				CURRENT_PROJECT_VERSION = 1;
				DEVELOPMENT_TEAM = H5F32GNS7N;
				GENERATE_INFOPLIST_FILE = YES;
				INFOPLIST_FILE = Networking/Info.plist;
				INFOPLIST_KEY_UIApplicationSupportsIndirectInputEvents = YES;
				INFOPLIST_KEY_UILaunchStoryboardName = LaunchScreen;
				INFOPLIST_KEY_UIMainStoryboardFile = Main;
				INFOPLIST_KEY_UISupportedInterfaceOrientations_iPad = "UIInterfaceOrientationPortrait UIInterfaceOrientationPortraitUpsideDown UIInterfaceOrientationLandscapeLeft UIInterfaceOrientationLandscapeRight";
				INFOPLIST_KEY_UISupportedInterfaceOrientations_iPhone = "UIInterfaceOrientationPortrait UIInterfaceOrientationLandscapeLeft UIInterfaceOrientationLandscapeRight";
				LD_RUNPATH_SEARCH_PATHS = (
					"$(inherited)",
					"@executable_path/Frameworks",
				);
				MARKETING_VERSION = 1.0;
				PRODUCT_BUNDLE_IDENTIFIER = iOS.Networking;
				PRODUCT_NAME = "$(TARGET_NAME)";
				SWIFT_EMIT_LOC_STRINGS = YES;
				SWIFT_VERSION = 5.0;
				TARGETED_DEVICE_FAMILY = "1,2";
			};
			name = Debug;
		};
		42FF51FE27D6DE6000E74781 /* Release */ = {
			isa = XCBuildConfiguration;
			buildSettings = {
				ASSETCATALOG_COMPILER_APPICON_NAME = AppIcon;
				ASSETCATALOG_COMPILER_GLOBAL_ACCENT_COLOR_NAME = AccentColor;
				CODE_SIGN_STYLE = Automatic;
				CURRENT_PROJECT_VERSION = 1;
				DEVELOPMENT_TEAM = H5F32GNS7N;
				GENERATE_INFOPLIST_FILE = YES;
				INFOPLIST_FILE = Networking/Info.plist;
				INFOPLIST_KEY_UIApplicationSupportsIndirectInputEvents = YES;
				INFOPLIST_KEY_UILaunchStoryboardName = LaunchScreen;
				INFOPLIST_KEY_UIMainStoryboardFile = Main;
				INFOPLIST_KEY_UISupportedInterfaceOrientations_iPad = "UIInterfaceOrientationPortrait UIInterfaceOrientationPortraitUpsideDown UIInterfaceOrientationLandscapeLeft UIInterfaceOrientationLandscapeRight";
				INFOPLIST_KEY_UISupportedInterfaceOrientations_iPhone = "UIInterfaceOrientationPortrait UIInterfaceOrientationLandscapeLeft UIInterfaceOrientationLandscapeRight";
				LD_RUNPATH_SEARCH_PATHS = (
					"$(inherited)",
					"@executable_path/Frameworks",
				);
				MARKETING_VERSION = 1.0;
				PRODUCT_BUNDLE_IDENTIFIER = iOS.Networking;
				PRODUCT_NAME = "$(TARGET_NAME)";
				SWIFT_EMIT_LOC_STRINGS = YES;
				SWIFT_VERSION = 5.0;
				TARGETED_DEVICE_FAMILY = "1,2";
			};
			name = Release;
		};
		42FF520027D6DE6000E74781 /* Debug */ = {
			isa = XCBuildConfiguration;
			buildSettings = {
				ALWAYS_EMBED_SWIFT_STANDARD_LIBRARIES = YES;
				BUNDLE_LOADER = "$(TEST_HOST)";
				CODE_SIGN_STYLE = Automatic;
				CURRENT_PROJECT_VERSION = 1;
				DEVELOPMENT_TEAM = H5F32GNS7N;
				GENERATE_INFOPLIST_FILE = YES;
				IPHONEOS_DEPLOYMENT_TARGET = 15.2;
				MARKETING_VERSION = 1.0;
				PRODUCT_BUNDLE_IDENTIFIER = iOS.NetworkingTests;
				PRODUCT_NAME = "$(TARGET_NAME)";
				SWIFT_EMIT_LOC_STRINGS = NO;
				SWIFT_VERSION = 5.0;
				TARGETED_DEVICE_FAMILY = "1,2";
				TEST_HOST = "$(BUILT_PRODUCTS_DIR)/Networking.app/Networking";
			};
			name = Debug;
		};
		42FF520127D6DE6000E74781 /* Release */ = {
			isa = XCBuildConfiguration;
			buildSettings = {
				ALWAYS_EMBED_SWIFT_STANDARD_LIBRARIES = YES;
				BUNDLE_LOADER = "$(TEST_HOST)";
				CODE_SIGN_STYLE = Automatic;
				CURRENT_PROJECT_VERSION = 1;
				DEVELOPMENT_TEAM = H5F32GNS7N;
				GENERATE_INFOPLIST_FILE = YES;
				IPHONEOS_DEPLOYMENT_TARGET = 15.2;
				MARKETING_VERSION = 1.0;
				PRODUCT_BUNDLE_IDENTIFIER = iOS.NetworkingTests;
				PRODUCT_NAME = "$(TARGET_NAME)";
				SWIFT_EMIT_LOC_STRINGS = NO;
				SWIFT_VERSION = 5.0;
				TARGETED_DEVICE_FAMILY = "1,2";
				TEST_HOST = "$(BUILT_PRODUCTS_DIR)/Networking.app/Networking";
			};
			name = Release;
		};
		42FF520327D6DE6000E74781 /* Debug */ = {
			isa = XCBuildConfiguration;
			buildSettings = {
				ALWAYS_EMBED_SWIFT_STANDARD_LIBRARIES = YES;
				CODE_SIGN_STYLE = Automatic;
				CURRENT_PROJECT_VERSION = 1;
				DEVELOPMENT_TEAM = H5F32GNS7N;
				GENERATE_INFOPLIST_FILE = YES;
				MARKETING_VERSION = 1.0;
				PRODUCT_BUNDLE_IDENTIFIER = iOS.NetworkingUITests;
				PRODUCT_NAME = "$(TARGET_NAME)";
				SWIFT_EMIT_LOC_STRINGS = NO;
				SWIFT_VERSION = 5.0;
				TARGETED_DEVICE_FAMILY = "1,2";
				TEST_TARGET_NAME = Networking;
			};
			name = Debug;
		};
		42FF520427D6DE6000E74781 /* Release */ = {
			isa = XCBuildConfiguration;
			buildSettings = {
				ALWAYS_EMBED_SWIFT_STANDARD_LIBRARIES = YES;
				CODE_SIGN_STYLE = Automatic;
				CURRENT_PROJECT_VERSION = 1;
				DEVELOPMENT_TEAM = H5F32GNS7N;
				GENERATE_INFOPLIST_FILE = YES;
				MARKETING_VERSION = 1.0;
				PRODUCT_BUNDLE_IDENTIFIER = iOS.NetworkingUITests;
				PRODUCT_NAME = "$(TARGET_NAME)";
				SWIFT_EMIT_LOC_STRINGS = NO;
				SWIFT_VERSION = 5.0;
				TARGETED_DEVICE_FAMILY = "1,2";
				TEST_TARGET_NAME = Networking;
			};
			name = Release;
		};
/* End XCBuildConfiguration section */

/* Begin XCConfigurationList section */
		42FF51CD27D6DE5F00E74781 /* Build configuration list for PBXProject "Networking" */ = {
			isa = XCConfigurationList;
			buildConfigurations = (
				42FF51FA27D6DE6000E74781 /* Debug */,
				42FF51FB27D6DE6000E74781 /* Release */,
			);
			defaultConfigurationIsVisible = 0;
			defaultConfigurationName = Release;
		};
		42FF51FC27D6DE6000E74781 /* Build configuration list for PBXNativeTarget "Networking" */ = {
			isa = XCConfigurationList;
			buildConfigurations = (
				42FF51FD27D6DE6000E74781 /* Debug */,
				42FF51FE27D6DE6000E74781 /* Release */,
			);
			defaultConfigurationIsVisible = 0;
			defaultConfigurationName = Release;
		};
		42FF51FF27D6DE6000E74781 /* Build configuration list for PBXNativeTarget "NetworkingTests" */ = {
			isa = XCConfigurationList;
			buildConfigurations = (
				42FF520027D6DE6000E74781 /* Debug */,
				42FF520127D6DE6000E74781 /* Release */,
			);
			defaultConfigurationIsVisible = 0;
			defaultConfigurationName = Release;
		};
		42FF520227D6DE6000E74781 /* Build configuration list for PBXNativeTarget "NetworkingUITests" */ = {
			isa = XCConfigurationList;
			buildConfigurations = (
				42FF520327D6DE6000E74781 /* Debug */,
				42FF520427D6DE6000E74781 /* Release */,
			);
			defaultConfigurationIsVisible = 0;
			defaultConfigurationName = Release;
		};
/* End XCConfigurationList section */
	};
	rootObject = 42FF51CA27D6DE5F00E74781 /* Project object */;
}
