// !$*UTF8*$!
{
	archiveVersion = 1;
	classes = {
	};
	objectVersion = 55;
	objects = {

/* Begin PBXBuildFile section */
		42CB993827B2AF6100DF93D2 /* AppDelegate.swift in Sources */ = {isa = PBXBuildFile; fileRef = 42CB993727B2AF6100DF93D2 /* AppDelegate.swift */; };
		42CB993A27B2AF6100DF93D2 /* SceneDelegate.swift in Sources */ = {isa = PBXBuildFile; fileRef = 42CB993927B2AF6100DF93D2 /* SceneDelegate.swift */; };
		42CB993C27B2AF6100DF93D2 /* ViewController.swift in Sources */ = {isa = PBXBuildFile; fileRef = 42CB993B27B2AF6100DF93D2 /* ViewController.swift */; };
		42CB993F27B2AF6100DF93D2 /* Main.storyboard in Resources */ = {isa = PBXBuildFile; fileRef = 42CB993D27B2AF6100DF93D2 /* Main.storyboard */; };
		42CB994127B2AF6200DF93D2 /* Assets.xcassets in Resources */ = {isa = PBXBuildFile; fileRef = 42CB994027B2AF6200DF93D2 /* Assets.xcassets */; };
		42CB994427B2AF6200DF93D2 /* LaunchScreen.storyboard in Resources */ = {isa = PBXBuildFile; fileRef = 42CB994227B2AF6200DF93D2 /* LaunchScreen.storyboard */; };
		42CB994F27B2AF6200DF93D2 /* MyFriendsTests.swift in Sources */ = {isa = PBXBuildFile; fileRef = 42CB994E27B2AF6200DF93D2 /* MyFriendsTests.swift */; };
		42CB995927B2AF6200DF93D2 /* MyFriendsUITests.swift in Sources */ = {isa = PBXBuildFile; fileRef = 42CB995827B2AF6200DF93D2 /* MyFriendsUITests.swift */; };
		42CB995B27B2AF6200DF93D2 /* MyFriendsUITestsLaunchTests.swift in Sources */ = {isa = PBXBuildFile; fileRef = 42CB995A27B2AF6200DF93D2 /* MyFriendsUITestsLaunchTests.swift */; };
		42CB996827B2B75F00DF93D2 /* Friend.swift in Sources */ = {isa = PBXBuildFile; fileRef = 42CB996727B2B75F00DF93D2 /* Friend.swift */; };
/* End PBXBuildFile section */

/* Begin PBXContainerItemProxy section */
		42CB994B27B2AF6200DF93D2 /* PBXContainerItemProxy */ = {
			isa = PBXContainerItemProxy;
			containerPortal = 42CB992C27B2AF6100DF93D2 /* Project object */;
			proxyType = 1;
			remoteGlobalIDString = 42CB993327B2AF6100DF93D2;
			remoteInfo = MyFriends;
		};
		42CB995527B2AF6200DF93D2 /* PBXContainerItemProxy */ = {
			isa = PBXContainerItemProxy;
			containerPortal = 42CB992C27B2AF6100DF93D2 /* Project object */;
			proxyType = 1;
			remoteGlobalIDString = 42CB993327B2AF6100DF93D2;
			remoteInfo = MyFriends;
		};
/* End PBXContainerItemProxy section */

/* Begin PBXFileReference section */
		42CB993427B2AF6100DF93D2 /* MyFriends.app */ = {isa = PBXFileReference; explicitFileType = wrapper.application; includeInIndex = 0; path = MyFriends.app; sourceTree = BUILT_PRODUCTS_DIR; };
		42CB993727B2AF6100DF93D2 /* AppDelegate.swift */ = {isa = PBXFileReference; lastKnownFileType = sourcecode.swift; path = AppDelegate.swift; sourceTree = "<group>"; };
		42CB993927B2AF6100DF93D2 /* SceneDelegate.swift */ = {isa = PBXFileReference; lastKnownFileType = sourcecode.swift; path = SceneDelegate.swift; sourceTree = "<group>"; };
		42CB993B27B2AF6100DF93D2 /* ViewController.swift */ = {isa = PBXFileReference; lastKnownFileType = sourcecode.swift; path = ViewController.swift; sourceTree = "<group>"; };
		42CB993E27B2AF6100DF93D2 /* Base */ = {isa = PBXFileReference; lastKnownFileType = file.storyboard; name = Base; path = Base.lproj/Main.storyboard; sourceTree = "<group>"; };
		42CB994027B2AF6200DF93D2 /* Assets.xcassets */ = {isa = PBXFileReference; lastKnownFileType = folder.assetcatalog; path = Assets.xcassets; sourceTree = "<group>"; };
		42CB994327B2AF6200DF93D2 /* Base */ = {isa = PBXFileReference; lastKnownFileType = file.storyboard; name = Base; path = Base.lproj/LaunchScreen.storyboard; sourceTree = "<group>"; };
		42CB994527B2AF6200DF93D2 /* Info.plist */ = {isa = PBXFileReference; lastKnownFileType = text.plist.xml; path = Info.plist; sourceTree = "<group>"; };
		42CB994A27B2AF6200DF93D2 /* MyFriendsTests.xctest */ = {isa = PBXFileReference; explicitFileType = wrapper.cfbundle; includeInIndex = 0; path = MyFriendsTests.xctest; sourceTree = BUILT_PRODUCTS_DIR; };
		42CB994E27B2AF6200DF93D2 /* MyFriendsTests.swift */ = {isa = PBXFileReference; lastKnownFileType = sourcecode.swift; path = MyFriendsTests.swift; sourceTree = "<group>"; };
		42CB995427B2AF6200DF93D2 /* MyFriendsUITests.xctest */ = {isa = PBXFileReference; explicitFileType = wrapper.cfbundle; includeInIndex = 0; path = MyFriendsUITests.xctest; sourceTree = BUILT_PRODUCTS_DIR; };
		42CB995827B2AF6200DF93D2 /* MyFriendsUITests.swift */ = {isa = PBXFileReference; lastKnownFileType = sourcecode.swift; path = MyFriendsUITests.swift; sourceTree = "<group>"; };
		42CB995A27B2AF6200DF93D2 /* MyFriendsUITestsLaunchTests.swift */ = {isa = PBXFileReference; lastKnownFileType = sourcecode.swift; path = MyFriendsUITestsLaunchTests.swift; sourceTree = "<group>"; };
		42CB996727B2B75F00DF93D2 /* Friend.swift */ = {isa = PBXFileReference; lastKnownFileType = sourcecode.swift; path = Friend.swift; sourceTree = "<group>"; };
/* End PBXFileReference section */

/* Begin PBXFrameworksBuildPhase section */
		42CB993127B2AF6100DF93D2 /* Frameworks */ = {
			isa = PBXFrameworksBuildPhase;
			buildActionMask = 2147483647;
			files = (
			);
			runOnlyForDeploymentPostprocessing = 0;
		};
		42CB994727B2AF6200DF93D2 /* Frameworks */ = {
			isa = PBXFrameworksBuildPhase;
			buildActionMask = 2147483647;
			files = (
			);
			runOnlyForDeploymentPostprocessing = 0;
		};
		42CB995127B2AF6200DF93D2 /* Frameworks */ = {
			isa = PBXFrameworksBuildPhase;
			buildActionMask = 2147483647;
			files = (
			);
			runOnlyForDeploymentPostprocessing = 0;
		};
/* End PBXFrameworksBuildPhase section */

/* Begin PBXGroup section */
		42CB992B27B2AF6100DF93D2 = {
			isa = PBXGroup;
			children = (
				42CB996727B2B75F00DF93D2 /* Friend.swift */,
				42CB993627B2AF6100DF93D2 /* MyFriends */,
				42CB994D27B2AF6200DF93D2 /* MyFriendsTests */,
				42CB995727B2AF6200DF93D2 /* MyFriendsUITests */,
				42CB993527B2AF6100DF93D2 /* Products */,
			);
			sourceTree = "<group>";
		};
		42CB993527B2AF6100DF93D2 /* Products */ = {
			isa = PBXGroup;
			children = (
				42CB993427B2AF6100DF93D2 /* MyFriends.app */,
				42CB994A27B2AF6200DF93D2 /* MyFriendsTests.xctest */,
				42CB995427B2AF6200DF93D2 /* MyFriendsUITests.xctest */,
			);
			name = Products;
			sourceTree = "<group>";
		};
		42CB993627B2AF6100DF93D2 /* MyFriends */ = {
			isa = PBXGroup;
			children = (
				42CB993727B2AF6100DF93D2 /* AppDelegate.swift */,
				42CB993927B2AF6100DF93D2 /* SceneDelegate.swift */,
				42CB993B27B2AF6100DF93D2 /* ViewController.swift */,
				42CB993D27B2AF6100DF93D2 /* Main.storyboard */,
				42CB994027B2AF6200DF93D2 /* Assets.xcassets */,
				42CB994227B2AF6200DF93D2 /* LaunchScreen.storyboard */,
				42CB994527B2AF6200DF93D2 /* Info.plist */,
			);
			path = MyFriends;
			sourceTree = "<group>";
		};
		42CB994D27B2AF6200DF93D2 /* MyFriendsTests */ = {
			isa = PBXGroup;
			children = (
				42CB994E27B2AF6200DF93D2 /* MyFriendsTests.swift */,
			);
			path = MyFriendsTests;
			sourceTree = "<group>";
		};
		42CB995727B2AF6200DF93D2 /* MyFriendsUITests */ = {
			isa = PBXGroup;
			children = (
				42CB995827B2AF6200DF93D2 /* MyFriendsUITests.swift */,
				42CB995A27B2AF6200DF93D2 /* MyFriendsUITestsLaunchTests.swift */,
			);
			path = MyFriendsUITests;
			sourceTree = "<group>";
		};
/* End PBXGroup section */

/* Begin PBXNativeTarget section */
		42CB993327B2AF6100DF93D2 /* MyFriends */ = {
			isa = PBXNativeTarget;
			buildConfigurationList = 42CB995E27B2AF6200DF93D2 /* Build configuration list for PBXNativeTarget "MyFriends" */;
			buildPhases = (
				42CB993027B2AF6100DF93D2 /* Sources */,
				42CB993127B2AF6100DF93D2 /* Frameworks */,
				42CB993227B2AF6100DF93D2 /* Resources */,
			);
			buildRules = (
			);
			dependencies = (
			);
			name = MyFriends;
			productName = MyFriends;
			productReference = 42CB993427B2AF6100DF93D2 /* MyFriends.app */;
			productType = "com.apple.product-type.application";
		};
		42CB994927B2AF6200DF93D2 /* MyFriendsTests */ = {
			isa = PBXNativeTarget;
			buildConfigurationList = 42CB996127B2AF6200DF93D2 /* Build configuration list for PBXNativeTarget "MyFriendsTests" */;
			buildPhases = (
				42CB994627B2AF6200DF93D2 /* Sources */,
				42CB994727B2AF6200DF93D2 /* Frameworks */,
				42CB994827B2AF6200DF93D2 /* Resources */,
			);
			buildRules = (
			);
			dependencies = (
				42CB994C27B2AF6200DF93D2 /* PBXTargetDependency */,
			);
			name = MyFriendsTests;
			productName = MyFriendsTests;
			productReference = 42CB994A27B2AF6200DF93D2 /* MyFriendsTests.xctest */;
			productType = "com.apple.product-type.bundle.unit-test";
		};
		42CB995327B2AF6200DF93D2 /* MyFriendsUITests */ = {
			isa = PBXNativeTarget;
			buildConfigurationList = 42CB996427B2AF6200DF93D2 /* Build configuration list for PBXNativeTarget "MyFriendsUITests" */;
			buildPhases = (
				42CB995027B2AF6200DF93D2 /* Sources */,
				42CB995127B2AF6200DF93D2 /* Frameworks */,
				42CB995227B2AF6200DF93D2 /* Resources */,
			);
			buildRules = (
			);
			dependencies = (
				42CB995627B2AF6200DF93D2 /* PBXTargetDependency */,
			);
			name = MyFriendsUITests;
			productName = MyFriendsUITests;
			productReference = 42CB995427B2AF6200DF93D2 /* MyFriendsUITests.xctest */;
			productType = "com.apple.product-type.bundle.ui-testing";
		};
/* End PBXNativeTarget section */

/* Begin PBXProject section */
		42CB992C27B2AF6100DF93D2 /* Project object */ = {
			isa = PBXProject;
			attributes = {
				BuildIndependentTargetsInParallel = 1;
				LastSwiftUpdateCheck = 1320;
				LastUpgradeCheck = 1320;
				TargetAttributes = {
					42CB993327B2AF6100DF93D2 = {
						CreatedOnToolsVersion = 13.2.1;
					};
					42CB994927B2AF6200DF93D2 = {
						CreatedOnToolsVersion = 13.2.1;
						TestTargetID = 42CB993327B2AF6100DF93D2;
					};
					42CB995327B2AF6200DF93D2 = {
						CreatedOnToolsVersion = 13.2.1;
						TestTargetID = 42CB993327B2AF6100DF93D2;
					};
				};
			};
			buildConfigurationList = 42CB992F27B2AF6100DF93D2 /* Build configuration list for PBXProject "MyFriends" */;
			compatibilityVersion = "Xcode 13.0";
			developmentRegion = en;
			hasScannedForEncodings = 0;
			knownRegions = (
				en,
				Base,
			);
			mainGroup = 42CB992B27B2AF6100DF93D2;
			productRefGroup = 42CB993527B2AF6100DF93D2 /* Products */;
			projectDirPath = "";
			projectRoot = "";
			targets = (
				42CB993327B2AF6100DF93D2 /* MyFriends */,
				42CB994927B2AF6200DF93D2 /* MyFriendsTests */,
				42CB995327B2AF6200DF93D2 /* MyFriendsUITests */,
			);
		};
/* End PBXProject section */

/* Begin PBXResourcesBuildPhase section */
		42CB993227B2AF6100DF93D2 /* Resources */ = {
			isa = PBXResourcesBuildPhase;
			buildActionMask = 2147483647;
			files = (
				42CB994427B2AF6200DF93D2 /* LaunchScreen.storyboard in Resources */,
				42CB994127B2AF6200DF93D2 /* Assets.xcassets in Resources */,
				42CB993F27B2AF6100DF93D2 /* Main.storyboard in Resources */,
			);
			runOnlyForDeploymentPostprocessing = 0;
		};
		42CB994827B2AF6200DF93D2 /* Resources */ = {
			isa = PBXResourcesBuildPhase;
			buildActionMask = 2147483647;
			files = (
			);
			runOnlyForDeploymentPostprocessing = 0;
		};
		42CB995227B2AF6200DF93D2 /* Resources */ = {
			isa = PBXResourcesBuildPhase;
			buildActionMask = 2147483647;
			files = (
			);
			runOnlyForDeploymentPostprocessing = 0;
		};
/* End PBXResourcesBuildPhase section */

/* Begin PBXSourcesBuildPhase section */
		42CB993027B2AF6100DF93D2 /* Sources */ = {
			isa = PBXSourcesBuildPhase;
			buildActionMask = 2147483647;
			files = (
				42CB993C27B2AF6100DF93D2 /* ViewController.swift in Sources */,
				42CB993827B2AF6100DF93D2 /* AppDelegate.swift in Sources */,
				42CB993A27B2AF6100DF93D2 /* SceneDelegate.swift in Sources */,
				42CB996827B2B75F00DF93D2 /* Friend.swift in Sources */,
			);
			runOnlyForDeploymentPostprocessing = 0;
		};
		42CB994627B2AF6200DF93D2 /* Sources */ = {
			isa = PBXSourcesBuildPhase;
			buildActionMask = 2147483647;
			files = (
				42CB994F27B2AF6200DF93D2 /* MyFriendsTests.swift in Sources */,
			);
			runOnlyForDeploymentPostprocessing = 0;
		};
		42CB995027B2AF6200DF93D2 /* Sources */ = {
			isa = PBXSourcesBuildPhase;
			buildActionMask = 2147483647;
			files = (
				42CB995B27B2AF6200DF93D2 /* MyFriendsUITestsLaunchTests.swift in Sources */,
				42CB995927B2AF6200DF93D2 /* MyFriendsUITests.swift in Sources */,
			);
			runOnlyForDeploymentPostprocessing = 0;
		};
/* End PBXSourcesBuildPhase section */

/* Begin PBXTargetDependency section */
		42CB994C27B2AF6200DF93D2 /* PBXTargetDependency */ = {
			isa = PBXTargetDependency;
			target = 42CB993327B2AF6100DF93D2 /* MyFriends */;
			targetProxy = 42CB994B27B2AF6200DF93D2 /* PBXContainerItemProxy */;
		};
		42CB995627B2AF6200DF93D2 /* PBXTargetDependency */ = {
			isa = PBXTargetDependency;
			target = 42CB993327B2AF6100DF93D2 /* MyFriends */;
			targetProxy = 42CB995527B2AF6200DF93D2 /* PBXContainerItemProxy */;
		};
/* End PBXTargetDependency section */

/* Begin PBXVariantGroup section */
		42CB993D27B2AF6100DF93D2 /* Main.storyboard */ = {
			isa = PBXVariantGroup;
			children = (
				42CB993E27B2AF6100DF93D2 /* Base */,
			);
			name = Main.storyboard;
			sourceTree = "<group>";
		};
		42CB994227B2AF6200DF93D2 /* LaunchScreen.storyboard */ = {
			isa = PBXVariantGroup;
			children = (
				42CB994327B2AF6200DF93D2 /* Base */,
			);
			name = LaunchScreen.storyboard;
			sourceTree = "<group>";
		};
/* End PBXVariantGroup section */

/* Begin XCBuildConfiguration section */
		42CB995C27B2AF6200DF93D2 /* Debug */ = {
			isa = XCBuildConfiguration;
			buildSettings = {
				ALWAYS_SEARCH_USER_PATHS = NO;
				CLANG_ANALYZER_NONNULL = YES;
				CLANG_ANALYZER_NUMBER_OBJECT_CONVERSION = YES_AGGRESSIVE;
				CLANG_CXX_LANGUAGE_STANDARD = "gnu++17";
				CLANG_CXX_LIBRARY = "libc++";
				CLANG_ENABLE_MODULES = YES;
				CLANG_ENABLE_OBJC_ARC = YES;
				CLANG_ENABLE_OBJC_WEAK = YES;
				CLANG_WARN_BLOCK_CAPTURE_AUTORELEASING = YES;
				CLANG_WARN_BOOL_CONVERSION = YES;
				CLANG_WARN_COMMA = YES;
				CLANG_WARN_CONSTANT_CONVERSION = YES;
				CLANG_WARN_DEPRECATED_OBJC_IMPLEMENTATIONS = YES;
				CLANG_WARN_DIRECT_OBJC_ISA_USAGE = YES_ERROR;
				CLANG_WARN_DOCUMENTATION_COMMENTS = YES;
				CLANG_WARN_EMPTY_BODY = YES;
				CLANG_WARN_ENUM_CONVERSION = YES;
				CLANG_WARN_INFINITE_RECURSION = YES;
				CLANG_WARN_INT_CONVERSION = YES;
				CLANG_WARN_NON_LITERAL_NULL_CONVERSION = YES;
				CLANG_WARN_OBJC_IMPLICIT_RETAIN_SELF = YES;
				CLANG_WARN_OBJC_LITERAL_CONVERSION = YES;
				CLANG_WARN_OBJC_ROOT_CLASS = YES_ERROR;
				CLANG_WARN_QUOTED_INCLUDE_IN_FRAMEWORK_HEADER = YES;
				CLANG_WARN_RANGE_LOOP_ANALYSIS = YES;
				CLANG_WARN_STRICT_PROTOTYPES = YES;
				CLANG_WARN_SUSPICIOUS_MOVE = YES;
				CLANG_WARN_UNGUARDED_AVAILABILITY = YES_AGGRESSIVE;
				CLANG_WARN_UNREACHABLE_CODE = YES;
				CLANG_WARN__DUPLICATE_METHOD_MATCH = YES;
				COPY_PHASE_STRIP = NO;
				DEBUG_INFORMATION_FORMAT = dwarf;
				ENABLE_STRICT_OBJC_MSGSEND = YES;
				ENABLE_TESTABILITY = YES;
				GCC_C_LANGUAGE_STANDARD = gnu11;
				GCC_DYNAMIC_NO_PIC = NO;
				GCC_NO_COMMON_BLOCKS = YES;
				GCC_OPTIMIZATION_LEVEL = 0;
				GCC_PREPROCESSOR_DEFINITIONS = (
					"DEBUG=1",
					"$(inherited)",
				);
				GCC_WARN_64_TO_32_BIT_CONVERSION = YES;
				GCC_WARN_ABOUT_RETURN_TYPE = YES_ERROR;
				GCC_WARN_UNDECLARED_SELECTOR = YES;
				GCC_WARN_UNINITIALIZED_AUTOS = YES_AGGRESSIVE;
				GCC_WARN_UNUSED_FUNCTION = YES;
				GCC_WARN_UNUSED_VARIABLE = YES;
				IPHONEOS_DEPLOYMENT_TARGET = 15.2;
				MTL_ENABLE_DEBUG_INFO = INCLUDE_SOURCE;
				MTL_FAST_MATH = YES;
				ONLY_ACTIVE_ARCH = YES;
				SDKROOT = iphoneos;
				SWIFT_ACTIVE_COMPILATION_CONDITIONS = DEBUG;
				SWIFT_OPTIMIZATION_LEVEL = "-Onone";
			};
			name = Debug;
		};
		42CB995D27B2AF6200DF93D2 /* Release */ = {
			isa = XCBuildConfiguration;
			buildSettings = {
				ALWAYS_SEARCH_USER_PATHS = NO;
				CLANG_ANALYZER_NONNULL = YES;
				CLANG_ANALYZER_NUMBER_OBJECT_CONVERSION = YES_AGGRESSIVE;
				CLANG_CXX_LANGUAGE_STANDARD = "gnu++17";
				CLANG_CXX_LIBRARY = "libc++";
				CLANG_ENABLE_MODULES = YES;
				CLANG_ENABLE_OBJC_ARC = YES;
				CLANG_ENABLE_OBJC_WEAK = YES;
				CLANG_WARN_BLOCK_CAPTURE_AUTORELEASING = YES;
				CLANG_WARN_BOOL_CONVERSION = YES;
				CLANG_WARN_COMMA = YES;
				CLANG_WARN_CONSTANT_CONVERSION = YES;
				CLANG_WARN_DEPRECATED_OBJC_IMPLEMENTATIONS = YES;
				CLANG_WARN_DIRECT_OBJC_ISA_USAGE = YES_ERROR;
				CLANG_WARN_DOCUMENTATION_COMMENTS = YES;
				CLANG_WARN_EMPTY_BODY = YES;
				CLANG_WARN_ENUM_CONVERSION = YES;
				CLANG_WARN_INFINITE_RECURSION = YES;
				CLANG_WARN_INT_CONVERSION = YES;
				CLANG_WARN_NON_LITERAL_NULL_CONVERSION = YES;
				CLANG_WARN_OBJC_IMPLICIT_RETAIN_SELF = YES;
				CLANG_WARN_OBJC_LITERAL_CONVERSION = YES;
				CLANG_WARN_OBJC_ROOT_CLASS = YES_ERROR;
				CLANG_WARN_QUOTED_INCLUDE_IN_FRAMEWORK_HEADER = YES;
				CLANG_WARN_RANGE_LOOP_ANALYSIS = YES;
				CLANG_WARN_STRICT_PROTOTYPES = YES;
				CLANG_WARN_SUSPICIOUS_MOVE = YES;
				CLANG_WARN_UNGUARDED_AVAILABILITY = YES_AGGRESSIVE;
				CLANG_WARN_UNREACHABLE_CODE = YES;
				CLANG_WARN__DUPLICATE_METHOD_MATCH = YES;
				COPY_PHASE_STRIP = NO;
				DEBUG_INFORMATION_FORMAT = "dwarf-with-dsym";
				ENABLE_NS_ASSERTIONS = NO;
				ENABLE_STRICT_OBJC_MSGSEND = YES;
				GCC_C_LANGUAGE_STANDARD = gnu11;
				GCC_NO_COMMON_BLOCKS = YES;
				GCC_WARN_64_TO_32_BIT_CONVERSION = YES;
				GCC_WARN_ABOUT_RETURN_TYPE = YES_ERROR;
				GCC_WARN_UNDECLARED_SELECTOR = YES;
				GCC_WARN_UNINITIALIZED_AUTOS = YES_AGGRESSIVE;
				GCC_WARN_UNUSED_FUNCTION = YES;
				GCC_WARN_UNUSED_VARIABLE = YES;
				IPHONEOS_DEPLOYMENT_TARGET = 15.2;
				MTL_ENABLE_DEBUG_INFO = NO;
				MTL_FAST_MATH = YES;
				SDKROOT = iphoneos;
				SWIFT_COMPILATION_MODE = wholemodule;
				SWIFT_OPTIMIZATION_LEVEL = "-O";
				VALIDATE_PRODUCT = YES;
			};
			name = Release;
		};
		42CB995F27B2AF6200DF93D2 /* Debug */ = {
			isa = XCBuildConfiguration;
			buildSettings = {
				ASSETCATALOG_COMPILER_APPICON_NAME = AppIcon;
				ASSETCATALOG_COMPILER_GLOBAL_ACCENT_COLOR_NAME = AccentColor;
				CODE_SIGN_STYLE = Automatic;
				CURRENT_PROJECT_VERSION = 1;
				DEVELOPMENT_TEAM = H5F32GNS7N;
				GENERATE_INFOPLIST_FILE = YES;
				INFOPLIST_FILE = MyFriends/Info.plist;
				INFOPLIST_KEY_UIApplicationSupportsIndirectInputEvents = YES;
				INFOPLIST_KEY_UILaunchStoryboardName = LaunchScreen;
				INFOPLIST_KEY_UIMainStoryboardFile = Main;
				INFOPLIST_KEY_UISupportedInterfaceOrientations_iPad = "UIInterfaceOrientationPortrait UIInterfaceOrientationPortraitUpsideDown UIInterfaceOrientationLandscapeLeft UIInterfaceOrientationLandscapeRight";
				INFOPLIST_KEY_UISupportedInterfaceOrientations_iPhone = "UIInterfaceOrientationPortrait UIInterfaceOrientationLandscapeLeft UIInterfaceOrientationLandscapeRight";
				LD_RUNPATH_SEARCH_PATHS = (
					"$(inherited)",
					"@executable_path/Frameworks",
				);
				MARKETING_VERSION = 1.0;
				PRODUCT_BUNDLE_IDENTIFIER = iOS.MyFriends;
				PRODUCT_NAME = "$(TARGET_NAME)";
				SWIFT_EMIT_LOC_STRINGS = YES;
				SWIFT_VERSION = 5.0;
				TARGETED_DEVICE_FAMILY = "1,2";
			};
			name = Debug;
		};
		42CB996027B2AF6200DF93D2 /* Release */ = {
			isa = XCBuildConfiguration;
			buildSettings = {
				ASSETCATALOG_COMPILER_APPICON_NAME = AppIcon;
				ASSETCATALOG_COMPILER_GLOBAL_ACCENT_COLOR_NAME = AccentColor;
				CODE_SIGN_STYLE = Automatic;
				CURRENT_PROJECT_VERSION = 1;
				DEVELOPMENT_TEAM = H5F32GNS7N;
				GENERATE_INFOPLIST_FILE = YES;
				INFOPLIST_FILE = MyFriends/Info.plist;
				INFOPLIST_KEY_UIApplicationSupportsIndirectInputEvents = YES;
				INFOPLIST_KEY_UILaunchStoryboardName = LaunchScreen;
				INFOPLIST_KEY_UIMainStoryboardFile = Main;
				INFOPLIST_KEY_UISupportedInterfaceOrientations_iPad = "UIInterfaceOrientationPortrait UIInterfaceOrientationPortraitUpsideDown UIInterfaceOrientationLandscapeLeft UIInterfaceOrientationLandscapeRight";
				INFOPLIST_KEY_UISupportedInterfaceOrientations_iPhone = "UIInterfaceOrientationPortrait UIInterfaceOrientationLandscapeLeft UIInterfaceOrientationLandscapeRight";
				LD_RUNPATH_SEARCH_PATHS = (
					"$(inherited)",
					"@executable_path/Frameworks",
				);
				MARKETING_VERSION = 1.0;
				PRODUCT_BUNDLE_IDENTIFIER = iOS.MyFriends;
				PRODUCT_NAME = "$(TARGET_NAME)";
				SWIFT_EMIT_LOC_STRINGS = YES;
				SWIFT_VERSION = 5.0;
				TARGETED_DEVICE_FAMILY = "1,2";
			};
			name = Release;
		};
		42CB996227B2AF6200DF93D2 /* Debug */ = {
			isa = XCBuildConfiguration;
			buildSettings = {
				ALWAYS_EMBED_SWIFT_STANDARD_LIBRARIES = YES;
				BUNDLE_LOADER = "$(TEST_HOST)";
				CODE_SIGN_STYLE = Automatic;
				CURRENT_PROJECT_VERSION = 1;
				DEVELOPMENT_TEAM = H5F32GNS7N;
				GENERATE_INFOPLIST_FILE = YES;
				IPHONEOS_DEPLOYMENT_TARGET = 15.2;
				MARKETING_VERSION = 1.0;
				PRODUCT_BUNDLE_IDENTIFIER = iOS.MyFriendsTests;
				PRODUCT_NAME = "$(TARGET_NAME)";
				SWIFT_EMIT_LOC_STRINGS = NO;
				SWIFT_VERSION = 5.0;
				TARGETED_DEVICE_FAMILY = "1,2";
				TEST_HOST = "$(BUILT_PRODUCTS_DIR)/MyFriends.app/MyFriends";
			};
			name = Debug;
		};
		42CB996327B2AF6200DF93D2 /* Release */ = {
			isa = XCBuildConfiguration;
			buildSettings = {
				ALWAYS_EMBED_SWIFT_STANDARD_LIBRARIES = YES;
				BUNDLE_LOADER = "$(TEST_HOST)";
				CODE_SIGN_STYLE = Automatic;
				CURRENT_PROJECT_VERSION = 1;
				DEVELOPMENT_TEAM = H5F32GNS7N;
				GENERATE_INFOPLIST_FILE = YES;
				IPHONEOS_DEPLOYMENT_TARGET = 15.2;
				MARKETING_VERSION = 1.0;
				PRODUCT_BUNDLE_IDENTIFIER = iOS.MyFriendsTests;
				PRODUCT_NAME = "$(TARGET_NAME)";
				SWIFT_EMIT_LOC_STRINGS = NO;
				SWIFT_VERSION = 5.0;
				TARGETED_DEVICE_FAMILY = "1,2";
				TEST_HOST = "$(BUILT_PRODUCTS_DIR)/MyFriends.app/MyFriends";
			};
			name = Release;
		};
		42CB996527B2AF6200DF93D2 /* Debug */ = {
			isa = XCBuildConfiguration;
			buildSettings = {
				ALWAYS_EMBED_SWIFT_STANDARD_LIBRARIES = YES;
				CODE_SIGN_STYLE = Automatic;
				CURRENT_PROJECT_VERSION = 1;
				DEVELOPMENT_TEAM = H5F32GNS7N;
				GENERATE_INFOPLIST_FILE = YES;
				MARKETING_VERSION = 1.0;
				PRODUCT_BUNDLE_IDENTIFIER = iOS.MyFriendsUITests;
				PRODUCT_NAME = "$(TARGET_NAME)";
				SWIFT_EMIT_LOC_STRINGS = NO;
				SWIFT_VERSION = 5.0;
				TARGETED_DEVICE_FAMILY = "1,2";
				TEST_TARGET_NAME = MyFriends;
			};
			name = Debug;
		};
		42CB996627B2AF6200DF93D2 /* Release */ = {
			isa = XCBuildConfiguration;
			buildSettings = {
				ALWAYS_EMBED_SWIFT_STANDARD_LIBRARIES = YES;
				CODE_SIGN_STYLE = Automatic;
				CURRENT_PROJECT_VERSION = 1;
				DEVELOPMENT_TEAM = H5F32GNS7N;
				GENERATE_INFOPLIST_FILE = YES;
				MARKETING_VERSION = 1.0;
				PRODUCT_BUNDLE_IDENTIFIER = iOS.MyFriendsUITests;
				PRODUCT_NAME = "$(TARGET_NAME)";
				SWIFT_EMIT_LOC_STRINGS = NO;
				SWIFT_VERSION = 5.0;
				TARGETED_DEVICE_FAMILY = "1,2";
				TEST_TARGET_NAME = MyFriends;
			};
			name = Release;
		};
/* End XCBuildConfiguration section */

/* Begin XCConfigurationList section */
		42CB992F27B2AF6100DF93D2 /* Build configuration list for PBXProject "MyFriends" */ = {
			isa = XCConfigurationList;
			buildConfigurations = (
				42CB995C27B2AF6200DF93D2 /* Debug */,
				42CB995D27B2AF6200DF93D2 /* Release */,
			);
			defaultConfigurationIsVisible = 0;
			defaultConfigurationName = Release;
		};
		42CB995E27B2AF6200DF93D2 /* Build configuration list for PBXNativeTarget "MyFriends" */ = {
			isa = XCConfigurationList;
			buildConfigurations = (
				42CB995F27B2AF6200DF93D2 /* Debug */,
				42CB996027B2AF6200DF93D2 /* Release */,
			);
			defaultConfigurationIsVisible = 0;
			defaultConfigurationName = Release;
		};
		42CB996127B2AF6200DF93D2 /* Build configuration list for PBXNativeTarget "MyFriendsTests" */ = {
			isa = XCConfigurationList;
			buildConfigurations = (
				42CB996227B2AF6200DF93D2 /* Debug */,
				42CB996327B2AF6200DF93D2 /* Release */,
			);
			defaultConfigurationIsVisible = 0;
			defaultConfigurationName = Release;
		};
		42CB996427B2AF6200DF93D2 /* Build configuration list for PBXNativeTarget "MyFriendsUITests" */ = {
			isa = XCConfigurationList;
			buildConfigurations = (
				42CB996527B2AF6200DF93D2 /* Debug */,
				42CB996627B2AF6200DF93D2 /* Release */,
			);
			defaultConfigurationIsVisible = 0;
			defaultConfigurationName = Release;
		};
/* End XCConfigurationList section */
	};
	rootObject = 42CB992C27B2AF6100DF93D2 /* Project object */;
}
