// !$*UTF8*$!
{
	archiveVersion = 1;
	classes = {
	};
	objectVersion = 55;
	objects = {

/* Begin PBXBuildFile section */
		42CB984227A2CD9400DF93D2 /* AppDelegate.swift in Sources */ = {isa = PBXBuildFile; fileRef = 42CB984127A2CD9400DF93D2 /* AppDelegate.swift */; };
		42CB984427A2CD9400DF93D2 /* SceneDelegate.swift in Sources */ = {isa = PBXBuildFile; fileRef = 42CB984327A2CD9400DF93D2 /* SceneDelegate.swift */; };
		42CB984627A2CD9400DF93D2 /* ViewController.swift in Sources */ = {isa = PBXBuildFile; fileRef = 42CB984527A2CD9400DF93D2 /* ViewController.swift */; };
		42CB984927A2CD9400DF93D2 /* Main.storyboard in Resources */ = {isa = PBXBuildFile; fileRef = 42CB984727A2CD9400DF93D2 /* Main.storyboard */; };
		42CB984B27A2CD9500DF93D2 /* Assets.xcassets in Resources */ = {isa = PBXBuildFile; fileRef = 42CB984A27A2CD9500DF93D2 /* Assets.xcassets */; };
		42CB984E27A2CD9500DF93D2 /* LaunchScreen.storyboard in Resources */ = {isa = PBXBuildFile; fileRef = 42CB984C27A2CD9500DF93D2 /* LaunchScreen.storyboard */; };
		42CB985927A2CD9500DF93D2 /* ImagePickerTests.swift in Sources */ = {isa = PBXBuildFile; fileRef = 42CB985827A2CD9500DF93D2 /* ImagePickerTests.swift */; };
		42CB986327A2CD9500DF93D2 /* ImagePickerUITests.swift in Sources */ = {isa = PBXBuildFile; fileRef = 42CB986227A2CD9500DF93D2 /* ImagePickerUITests.swift */; };
		42CB986527A2CD9500DF93D2 /* ImagePickerUITestsLaunchTests.swift in Sources */ = {isa = PBXBuildFile; fileRef = 42CB986427A2CD9500DF93D2 /* ImagePickerUITestsLaunchTests.swift */; };
/* End PBXBuildFile section */

/* Begin PBXContainerItemProxy section */
		42CB985527A2CD9500DF93D2 /* PBXContainerItemProxy */ = {
			isa = PBXContainerItemProxy;
			containerPortal = 42CB983627A2CD9400DF93D2 /* Project object */;
			proxyType = 1;
			remoteGlobalIDString = 42CB983D27A2CD9400DF93D2;
			remoteInfo = ImagePicker;
		};
		42CB985F27A2CD9500DF93D2 /* PBXContainerItemProxy */ = {
			isa = PBXContainerItemProxy;
			containerPortal = 42CB983627A2CD9400DF93D2 /* Project object */;
			proxyType = 1;
			remoteGlobalIDString = 42CB983D27A2CD9400DF93D2;
			remoteInfo = ImagePicker;
		};
/* End PBXContainerItemProxy section */

/* Begin PBXFileReference section */
		42CB983E27A2CD9400DF93D2 /* ImagePicker.app */ = {isa = PBXFileReference; explicitFileType = wrapper.application; includeInIndex = 0; path = ImagePicker.app; sourceTree = BUILT_PRODUCTS_DIR; };
		42CB984127A2CD9400DF93D2 /* AppDelegate.swift */ = {isa = PBXFileReference; lastKnownFileType = sourcecode.swift; path = AppDelegate.swift; sourceTree = "<group>"; };
		42CB984327A2CD9400DF93D2 /* SceneDelegate.swift */ = {isa = PBXFileReference; lastKnownFileType = sourcecode.swift; path = SceneDelegate.swift; sourceTree = "<group>"; };
		42CB984527A2CD9400DF93D2 /* ViewController.swift */ = {isa = PBXFileReference; lastKnownFileType = sourcecode.swift; path = ViewController.swift; sourceTree = "<group>"; };
		42CB984827A2CD9400DF93D2 /* Base */ = {isa = PBXFileReference; lastKnownFileType = file.storyboard; name = Base; path = Base.lproj/Main.storyboard; sourceTree = "<group>"; };
		42CB984A27A2CD9500DF93D2 /* Assets.xcassets */ = {isa = PBXFileReference; lastKnownFileType = folder.assetcatalog; path = Assets.xcassets; sourceTree = "<group>"; };
		42CB984D27A2CD9500DF93D2 /* Base */ = {isa = PBXFileReference; lastKnownFileType = file.storyboard; name = Base; path = Base.lproj/LaunchScreen.storyboard; sourceTree = "<group>"; };
		42CB984F27A2CD9500DF93D2 /* Info.plist */ = {isa = PBXFileReference; lastKnownFileType = text.plist.xml; path = Info.plist; sourceTree = "<group>"; };
		42CB985427A2CD9500DF93D2 /* ImagePickerTests.xctest */ = {isa = PBXFileReference; explicitFileType = wrapper.cfbundle; includeInIndex = 0; path = ImagePickerTests.xctest; sourceTree = BUILT_PRODUCTS_DIR; };
		42CB985827A2CD9500DF93D2 /* ImagePickerTests.swift */ = {isa = PBXFileReference; lastKnownFileType = sourcecode.swift; path = ImagePickerTests.swift; sourceTree = "<group>"; };
		42CB985E27A2CD9500DF93D2 /* ImagePickerUITests.xctest */ = {isa = PBXFileReference; explicitFileType = wrapper.cfbundle; includeInIndex = 0; path = ImagePickerUITests.xctest; sourceTree = BUILT_PRODUCTS_DIR; };
		42CB986227A2CD9500DF93D2 /* ImagePickerUITests.swift */ = {isa = PBXFileReference; lastKnownFileType = sourcecode.swift; path = ImagePickerUITests.swift; sourceTree = "<group>"; };
		42CB986427A2CD9500DF93D2 /* ImagePickerUITestsLaunchTests.swift */ = {isa = PBXFileReference; lastKnownFileType = sourcecode.swift; path = ImagePickerUITestsLaunchTests.swift; sourceTree = "<group>"; };
/* End PBXFileReference section */

/* Begin PBXFrameworksBuildPhase section */
		42CB983B27A2CD9400DF93D2 /* Frameworks */ = {
			isa = PBXFrameworksBuildPhase;
			buildActionMask = 2147483647;
			files = (
			);
			runOnlyForDeploymentPostprocessing = 0;
		};
		42CB985127A2CD9500DF93D2 /* Frameworks */ = {
			isa = PBXFrameworksBuildPhase;
			buildActionMask = 2147483647;
			files = (
			);
			runOnlyForDeploymentPostprocessing = 0;
		};
		42CB985B27A2CD9500DF93D2 /* Frameworks */ = {
			isa = PBXFrameworksBuildPhase;
			buildActionMask = 2147483647;
			files = (
			);
			runOnlyForDeploymentPostprocessing = 0;
		};
/* End PBXFrameworksBuildPhase section */

/* Begin PBXGroup section */
		42CB983527A2CD9400DF93D2 = {
			isa = PBXGroup;
			children = (
				42CB984027A2CD9400DF93D2 /* ImagePicker */,
				42CB985727A2CD9500DF93D2 /* ImagePickerTests */,
				42CB986127A2CD9500DF93D2 /* ImagePickerUITests */,
				42CB983F27A2CD9400DF93D2 /* Products */,
			);
			sourceTree = "<group>";
		};
		42CB983F27A2CD9400DF93D2 /* Products */ = {
			isa = PBXGroup;
			children = (
				42CB983E27A2CD9400DF93D2 /* ImagePicker.app */,
				42CB985427A2CD9500DF93D2 /* ImagePickerTests.xctest */,
				42CB985E27A2CD9500DF93D2 /* ImagePickerUITests.xctest */,
			);
			name = Products;
			sourceTree = "<group>";
		};
		42CB984027A2CD9400DF93D2 /* ImagePicker */ = {
			isa = PBXGroup;
			children = (
				42CB984127A2CD9400DF93D2 /* AppDelegate.swift */,
				42CB984327A2CD9400DF93D2 /* SceneDelegate.swift */,
				42CB984527A2CD9400DF93D2 /* ViewController.swift */,
				42CB984727A2CD9400DF93D2 /* Main.storyboard */,
				42CB984A27A2CD9500DF93D2 /* Assets.xcassets */,
				42CB984C27A2CD9500DF93D2 /* LaunchScreen.storyboard */,
				42CB984F27A2CD9500DF93D2 /* Info.plist */,
			);
			path = ImagePicker;
			sourceTree = "<group>";
		};
		42CB985727A2CD9500DF93D2 /* ImagePickerTests */ = {
			isa = PBXGroup;
			children = (
				42CB985827A2CD9500DF93D2 /* ImagePickerTests.swift */,
			);
			path = ImagePickerTests;
			sourceTree = "<group>";
		};
		42CB986127A2CD9500DF93D2 /* ImagePickerUITests */ = {
			isa = PBXGroup;
			children = (
				42CB986227A2CD9500DF93D2 /* ImagePickerUITests.swift */,
				42CB986427A2CD9500DF93D2 /* ImagePickerUITestsLaunchTests.swift */,
			);
			path = ImagePickerUITests;
			sourceTree = "<group>";
		};
/* End PBXGroup section */

/* Begin PBXNativeTarget section */
		42CB983D27A2CD9400DF93D2 /* ImagePicker */ = {
			isa = PBXNativeTarget;
			buildConfigurationList = 42CB986827A2CD9500DF93D2 /* Build configuration list for PBXNativeTarget "ImagePicker" */;
			buildPhases = (
				42CB983A27A2CD9400DF93D2 /* Sources */,
				42CB983B27A2CD9400DF93D2 /* Frameworks */,
				42CB983C27A2CD9400DF93D2 /* Resources */,
			);
			buildRules = (
			);
			dependencies = (
			);
			name = ImagePicker;
			productName = ImagePicker;
			productReference = 42CB983E27A2CD9400DF93D2 /* ImagePicker.app */;
			productType = "com.apple.product-type.application";
		};
		42CB985327A2CD9500DF93D2 /* ImagePickerTests */ = {
			isa = PBXNativeTarget;
			buildConfigurationList = 42CB986B27A2CD9500DF93D2 /* Build configuration list for PBXNativeTarget "ImagePickerTests" */;
			buildPhases = (
				42CB985027A2CD9500DF93D2 /* Sources */,
				42CB985127A2CD9500DF93D2 /* Frameworks */,
				42CB985227A2CD9500DF93D2 /* Resources */,
			);
			buildRules = (
			);
			dependencies = (
				42CB985627A2CD9500DF93D2 /* PBXTargetDependency */,
			);
			name = ImagePickerTests;
			productName = ImagePickerTests;
			productReference = 42CB985427A2CD9500DF93D2 /* ImagePickerTests.xctest */;
			productType = "com.apple.product-type.bundle.unit-test";
		};
		42CB985D27A2CD9500DF93D2 /* ImagePickerUITests */ = {
			isa = PBXNativeTarget;
			buildConfigurationList = 42CB986E27A2CD9500DF93D2 /* Build configuration list for PBXNativeTarget "ImagePickerUITests" */;
			buildPhases = (
				42CB985A27A2CD9500DF93D2 /* Sources */,
				42CB985B27A2CD9500DF93D2 /* Frameworks */,
				42CB985C27A2CD9500DF93D2 /* Resources */,
			);
			buildRules = (
			);
			dependencies = (
				42CB986027A2CD9500DF93D2 /* PBXTargetDependency */,
			);
			name = ImagePickerUITests;
			productName = ImagePickerUITests;
			productReference = 42CB985E27A2CD9500DF93D2 /* ImagePickerUITests.xctest */;
			productType = "com.apple.product-type.bundle.ui-testing";
		};
/* End PBXNativeTarget section */

/* Begin PBXProject section */
		42CB983627A2CD9400DF93D2 /* Project object */ = {
			isa = PBXProject;
			attributes = {
				BuildIndependentTargetsInParallel = 1;
				LastSwiftUpdateCheck = 1320;
				LastUpgradeCheck = 1320;
				TargetAttributes = {
					42CB983D27A2CD9400DF93D2 = {
						CreatedOnToolsVersion = 13.2.1;
					};
					42CB985327A2CD9500DF93D2 = {
						CreatedOnToolsVersion = 13.2.1;
						TestTargetID = 42CB983D27A2CD9400DF93D2;
					};
					42CB985D27A2CD9500DF93D2 = {
						CreatedOnToolsVersion = 13.2.1;
						TestTargetID = 42CB983D27A2CD9400DF93D2;
					};
				};
			};
			buildConfigurationList = 42CB983927A2CD9400DF93D2 /* Build configuration list for PBXProject "ImagePicker" */;
			compatibilityVersion = "Xcode 13.0";
			developmentRegion = en;
			hasScannedForEncodings = 0;
			knownRegions = (
				en,
				Base,
			);
			mainGroup = 42CB983527A2CD9400DF93D2;
			productRefGroup = 42CB983F27A2CD9400DF93D2 /* Products */;
			projectDirPath = "";
			projectRoot = "";
			targets = (
				42CB983D27A2CD9400DF93D2 /* ImagePicker */,
				42CB985327A2CD9500DF93D2 /* ImagePickerTests */,
				42CB985D27A2CD9500DF93D2 /* ImagePickerUITests */,
			);
		};
/* End PBXProject section */

/* Begin PBXResourcesBuildPhase section */
		42CB983C27A2CD9400DF93D2 /* Resources */ = {
			isa = PBXResourcesBuildPhase;
			buildActionMask = 2147483647;
			files = (
				42CB984E27A2CD9500DF93D2 /* LaunchScreen.storyboard in Resources */,
				42CB984B27A2CD9500DF93D2 /* Assets.xcassets in Resources */,
				42CB984927A2CD9400DF93D2 /* Main.storyboard in Resources */,
			);
			runOnlyForDeploymentPostprocessing = 0;
		};
		42CB985227A2CD9500DF93D2 /* Resources */ = {
			isa = PBXResourcesBuildPhase;
			buildActionMask = 2147483647;
			files = (
			);
			runOnlyForDeploymentPostprocessing = 0;
		};
		42CB985C27A2CD9500DF93D2 /* Resources */ = {
			isa = PBXResourcesBuildPhase;
			buildActionMask = 2147483647;
			files = (
			);
			runOnlyForDeploymentPostprocessing = 0;
		};
/* End PBXResourcesBuildPhase section */

/* Begin PBXSourcesBuildPhase section */
		42CB983A27A2CD9400DF93D2 /* Sources */ = {
			isa = PBXSourcesBuildPhase;
			buildActionMask = 2147483647;
			files = (
				42CB984627A2CD9400DF93D2 /* ViewController.swift in Sources */,
				42CB984227A2CD9400DF93D2 /* AppDelegate.swift in Sources */,
				42CB984427A2CD9400DF93D2 /* SceneDelegate.swift in Sources */,
			);
			runOnlyForDeploymentPostprocessing = 0;
		};
		42CB985027A2CD9500DF93D2 /* Sources */ = {
			isa = PBXSourcesBuildPhase;
			buildActionMask = 2147483647;
			files = (
				42CB985927A2CD9500DF93D2 /* ImagePickerTests.swift in Sources */,
			);
			runOnlyForDeploymentPostprocessing = 0;
		};
		42CB985A27A2CD9500DF93D2 /* Sources */ = {
			isa = PBXSourcesBuildPhase;
			buildActionMask = 2147483647;
			files = (
				42CB986527A2CD9500DF93D2 /* ImagePickerUITestsLaunchTests.swift in Sources */,
				42CB986327A2CD9500DF93D2 /* ImagePickerUITests.swift in Sources */,
			);
			runOnlyForDeploymentPostprocessing = 0;
		};
/* End PBXSourcesBuildPhase section */

/* Begin PBXTargetDependency section */
		42CB985627A2CD9500DF93D2 /* PBXTargetDependency */ = {
			isa = PBXTargetDependency;
			target = 42CB983D27A2CD9400DF93D2 /* ImagePicker */;
			targetProxy = 42CB985527A2CD9500DF93D2 /* PBXContainerItemProxy */;
		};
		42CB986027A2CD9500DF93D2 /* PBXTargetDependency */ = {
			isa = PBXTargetDependency;
			target = 42CB983D27A2CD9400DF93D2 /* ImagePicker */;
			targetProxy = 42CB985F27A2CD9500DF93D2 /* PBXContainerItemProxy */;
		};
/* End PBXTargetDependency section */

/* Begin PBXVariantGroup section */
		42CB984727A2CD9400DF93D2 /* Main.storyboard */ = {
			isa = PBXVariantGroup;
			children = (
				42CB984827A2CD9400DF93D2 /* Base */,
			);
			name = Main.storyboard;
			sourceTree = "<group>";
		};
		42CB984C27A2CD9500DF93D2 /* LaunchScreen.storyboard */ = {
			isa = PBXVariantGroup;
			children = (
				42CB984D27A2CD9500DF93D2 /* Base */,
			);
			name = LaunchScreen.storyboard;
			sourceTree = "<group>";
		};
/* End PBXVariantGroup section */

/* Begin XCBuildConfiguration section */
		42CB986627A2CD9500DF93D2 /* Debug */ = {
			isa = XCBuildConfiguration;
			buildSettings = {
				ALWAYS_SEARCH_USER_PATHS = NO;
				CLANG_ANALYZER_NONNULL = YES;
				CLANG_ANALYZER_NUMBER_OBJECT_CONVERSION = YES_AGGRESSIVE;
				CLANG_CXX_LANGUAGE_STANDARD = "gnu++17";
				CLANG_CXX_LIBRARY = "libc++";
				CLANG_ENABLE_MODULES = YES;
				CLANG_ENABLE_OBJC_ARC = YES;
				CLANG_ENABLE_OBJC_WEAK = YES;
				CLANG_WARN_BLOCK_CAPTURE_AUTORELEASING = YES;
				CLANG_WARN_BOOL_CONVERSION = YES;
				CLANG_WARN_COMMA = YES;
				CLANG_WARN_CONSTANT_CONVERSION = YES;
				CLANG_WARN_DEPRECATED_OBJC_IMPLEMENTATIONS = YES;
				CLANG_WARN_DIRECT_OBJC_ISA_USAGE = YES_ERROR;
				CLANG_WARN_DOCUMENTATION_COMMENTS = YES;
				CLANG_WARN_EMPTY_BODY = YES;
				CLANG_WARN_ENUM_CONVERSION = YES;
				CLANG_WARN_INFINITE_RECURSION = YES;
				CLANG_WARN_INT_CONVERSION = YES;
				CLANG_WARN_NON_LITERAL_NULL_CONVERSION = YES;
				CLANG_WARN_OBJC_IMPLICIT_RETAIN_SELF = YES;
				CLANG_WARN_OBJC_LITERAL_CONVERSION = YES;
				CLANG_WARN_OBJC_ROOT_CLASS = YES_ERROR;
				CLANG_WARN_QUOTED_INCLUDE_IN_FRAMEWORK_HEADER = YES;
				CLANG_WARN_RANGE_LOOP_ANALYSIS = YES;
				CLANG_WARN_STRICT_PROTOTYPES = YES;
				CLANG_WARN_SUSPICIOUS_MOVE = YES;
				CLANG_WARN_UNGUARDED_AVAILABILITY = YES_AGGRESSIVE;
				CLANG_WARN_UNREACHABLE_CODE = YES;
				CLANG_WARN__DUPLICATE_METHOD_MATCH = YES;
				COPY_PHASE_STRIP = NO;
				DEBUG_INFORMATION_FORMAT = dwarf;
				ENABLE_STRICT_OBJC_MSGSEND = YES;
				ENABLE_TESTABILITY = YES;
				GCC_C_LANGUAGE_STANDARD = gnu11;
				GCC_DYNAMIC_NO_PIC = NO;
				GCC_NO_COMMON_BLOCKS = YES;
				GCC_OPTIMIZATION_LEVEL = 0;
				GCC_PREPROCESSOR_DEFINITIONS = (
					"DEBUG=1",
					"$(inherited)",
				);
				GCC_WARN_64_TO_32_BIT_CONVERSION = YES;
				GCC_WARN_ABOUT_RETURN_TYPE = YES_ERROR;
				GCC_WARN_UNDECLARED_SELECTOR = YES;
				GCC_WARN_UNINITIALIZED_AUTOS = YES_AGGRESSIVE;
				GCC_WARN_UNUSED_FUNCTION = YES;
				GCC_WARN_UNUSED_VARIABLE = YES;
				IPHONEOS_DEPLOYMENT_TARGET = 15.2;
				MTL_ENABLE_DEBUG_INFO = INCLUDE_SOURCE;
				MTL_FAST_MATH = YES;
				ONLY_ACTIVE_ARCH = YES;
				SDKROOT = iphoneos;
				SWIFT_ACTIVE_COMPILATION_CONDITIONS = DEBUG;
				SWIFT_OPTIMIZATION_LEVEL = "-Onone";
			};
			name = Debug;
		};
		42CB986727A2CD9500DF93D2 /* Release */ = {
			isa = XCBuildConfiguration;
			buildSettings = {
				ALWAYS_SEARCH_USER_PATHS = NO;
				CLANG_ANALYZER_NONNULL = YES;
				CLANG_ANALYZER_NUMBER_OBJECT_CONVERSION = YES_AGGRESSIVE;
				CLANG_CXX_LANGUAGE_STANDARD = "gnu++17";
				CLANG_CXX_LIBRARY = "libc++";
				CLANG_ENABLE_MODULES = YES;
				CLANG_ENABLE_OBJC_ARC = YES;
				CLANG_ENABLE_OBJC_WEAK = YES;
				CLANG_WARN_BLOCK_CAPTURE_AUTORELEASING = YES;
				CLANG_WARN_BOOL_CONVERSION = YES;
				CLANG_WARN_COMMA = YES;
				CLANG_WARN_CONSTANT_CONVERSION = YES;
				CLANG_WARN_DEPRECATED_OBJC_IMPLEMENTATIONS = YES;
				CLANG_WARN_DIRECT_OBJC_ISA_USAGE = YES_ERROR;
				CLANG_WARN_DOCUMENTATION_COMMENTS = YES;
				CLANG_WARN_EMPTY_BODY = YES;
				CLANG_WARN_ENUM_CONVERSION = YES;
				CLANG_WARN_INFINITE_RECURSION = YES;
				CLANG_WARN_INT_CONVERSION = YES;
				CLANG_WARN_NON_LITERAL_NULL_CONVERSION = YES;
				CLANG_WARN_OBJC_IMPLICIT_RETAIN_SELF = YES;
				CLANG_WARN_OBJC_LITERAL_CONVERSION = YES;
				CLANG_WARN_OBJC_ROOT_CLASS = YES_ERROR;
				CLANG_WARN_QUOTED_INCLUDE_IN_FRAMEWORK_HEADER = YES;
				CLANG_WARN_RANGE_LOOP_ANALYSIS = YES;
				CLANG_WARN_STRICT_PROTOTYPES = YES;
				CLANG_WARN_SUSPICIOUS_MOVE = YES;
				CLANG_WARN_UNGUARDED_AVAILABILITY = YES_AGGRESSIVE;
				CLANG_WARN_UNREACHABLE_CODE = YES;
				CLANG_WARN__DUPLICATE_METHOD_MATCH = YES;
				COPY_PHASE_STRIP = NO;
				DEBUG_INFORMATION_FORMAT = "dwarf-with-dsym";
				ENABLE_NS_ASSERTIONS = NO;
				ENABLE_STRICT_OBJC_MSGSEND = YES;
				GCC_C_LANGUAGE_STANDARD = gnu11;
				GCC_NO_COMMON_BLOCKS = YES;
				GCC_WARN_64_TO_32_BIT_CONVERSION = YES;
				GCC_WARN_ABOUT_RETURN_TYPE = YES_ERROR;
				GCC_WARN_UNDECLARED_SELECTOR = YES;
				GCC_WARN_UNINITIALIZED_AUTOS = YES_AGGRESSIVE;
				GCC_WARN_UNUSED_FUNCTION = YES;
				GCC_WARN_UNUSED_VARIABLE = YES;
				IPHONEOS_DEPLOYMENT_TARGET = 15.2;
				MTL_ENABLE_DEBUG_INFO = NO;
				MTL_FAST_MATH = YES;
				SDKROOT = iphoneos;
				SWIFT_COMPILATION_MODE = wholemodule;
				SWIFT_OPTIMIZATION_LEVEL = "-O";
				VALIDATE_PRODUCT = YES;
			};
			name = Release;
		};
		42CB986927A2CD9500DF93D2 /* Debug */ = {
			isa = XCBuildConfiguration;
			buildSettings = {
				ASSETCATALOG_COMPILER_APPICON_NAME = AppIcon;
				ASSETCATALOG_COMPILER_GLOBAL_ACCENT_COLOR_NAME = AccentColor;
				CODE_SIGN_STYLE = Automatic;
				CURRENT_PROJECT_VERSION = 1;
				DEVELOPMENT_TEAM = H5F32GNS7N;
				GENERATE_INFOPLIST_FILE = YES;
				INFOPLIST_FILE = ImagePicker/Info.plist;
				INFOPLIST_KEY_UIApplicationSupportsIndirectInputEvents = YES;
				INFOPLIST_KEY_UILaunchStoryboardName = LaunchScreen;
				INFOPLIST_KEY_UIMainStoryboardFile = Main;
				INFOPLIST_KEY_UISupportedInterfaceOrientations_iPad = "UIInterfaceOrientationPortrait UIInterfaceOrientationPortraitUpsideDown UIInterfaceOrientationLandscapeLeft UIInterfaceOrientationLandscapeRight";
				INFOPLIST_KEY_UISupportedInterfaceOrientations_iPhone = "UIInterfaceOrientationPortrait UIInterfaceOrientationLandscapeLeft UIInterfaceOrientationLandscapeRight";
				LD_RUNPATH_SEARCH_PATHS = (
					"$(inherited)",
					"@executable_path/Frameworks",
				);
				MARKETING_VERSION = 1.0;
				PRODUCT_BUNDLE_IDENTIFIER = iOS.ImagePicker;
				PRODUCT_NAME = "$(TARGET_NAME)";
				SWIFT_EMIT_LOC_STRINGS = YES;
				SWIFT_VERSION = 5.0;
				TARGETED_DEVICE_FAMILY = "1,2";
			};
			name = Debug;
		};
		42CB986A27A2CD9500DF93D2 /* Release */ = {
			isa = XCBuildConfiguration;
			buildSettings = {
				ASSETCATALOG_COMPILER_APPICON_NAME = AppIcon;
				ASSETCATALOG_COMPILER_GLOBAL_ACCENT_COLOR_NAME = AccentColor;
				CODE_SIGN_STYLE = Automatic;
				CURRENT_PROJECT_VERSION = 1;
				DEVELOPMENT_TEAM = H5F32GNS7N;
				GENERATE_INFOPLIST_FILE = YES;
				INFOPLIST_FILE = ImagePicker/Info.plist;
				INFOPLIST_KEY_UIApplicationSupportsIndirectInputEvents = YES;
				INFOPLIST_KEY_UILaunchStoryboardName = LaunchScreen;
				INFOPLIST_KEY_UIMainStoryboardFile = Main;
				INFOPLIST_KEY_UISupportedInterfaceOrientations_iPad = "UIInterfaceOrientationPortrait UIInterfaceOrientationPortraitUpsideDown UIInterfaceOrientationLandscapeLeft UIInterfaceOrientationLandscapeRight";
				INFOPLIST_KEY_UISupportedInterfaceOrientations_iPhone = "UIInterfaceOrientationPortrait UIInterfaceOrientationLandscapeLeft UIInterfaceOrientationLandscapeRight";
				LD_RUNPATH_SEARCH_PATHS = (
					"$(inherited)",
					"@executable_path/Frameworks",
				);
				MARKETING_VERSION = 1.0;
				PRODUCT_BUNDLE_IDENTIFIER = iOS.ImagePicker;
				PRODUCT_NAME = "$(TARGET_NAME)";
				SWIFT_EMIT_LOC_STRINGS = YES;
				SWIFT_VERSION = 5.0;
				TARGETED_DEVICE_FAMILY = "1,2";
			};
			name = Release;
		};
		42CB986C27A2CD9500DF93D2 /* Debug */ = {
			isa = XCBuildConfiguration;
			buildSettings = {
				ALWAYS_EMBED_SWIFT_STANDARD_LIBRARIES = YES;
				BUNDLE_LOADER = "$(TEST_HOST)";
				CODE_SIGN_STYLE = Automatic;
				CURRENT_PROJECT_VERSION = 1;
				DEVELOPMENT_TEAM = H5F32GNS7N;
				GENERATE_INFOPLIST_FILE = YES;
				IPHONEOS_DEPLOYMENT_TARGET = 15.2;
				MARKETING_VERSION = 1.0;
				PRODUCT_BUNDLE_IDENTIFIER = iOS.ImagePickerTests;
				PRODUCT_NAME = "$(TARGET_NAME)";
				SWIFT_EMIT_LOC_STRINGS = NO;
				SWIFT_VERSION = 5.0;
				TARGETED_DEVICE_FAMILY = "1,2";
				TEST_HOST = "$(BUILT_PRODUCTS_DIR)/ImagePicker.app/ImagePicker";
			};
			name = Debug;
		};
		42CB986D27A2CD9500DF93D2 /* Release */ = {
			isa = XCBuildConfiguration;
			buildSettings = {
				ALWAYS_EMBED_SWIFT_STANDARD_LIBRARIES = YES;
				BUNDLE_LOADER = "$(TEST_HOST)";
				CODE_SIGN_STYLE = Automatic;
				CURRENT_PROJECT_VERSION = 1;
				DEVELOPMENT_TEAM = H5F32GNS7N;
				GENERATE_INFOPLIST_FILE = YES;
				IPHONEOS_DEPLOYMENT_TARGET = 15.2;
				MARKETING_VERSION = 1.0;
				PRODUCT_BUNDLE_IDENTIFIER = iOS.ImagePickerTests;
				PRODUCT_NAME = "$(TARGET_NAME)";
				SWIFT_EMIT_LOC_STRINGS = NO;
				SWIFT_VERSION = 5.0;
				TARGETED_DEVICE_FAMILY = "1,2";
				TEST_HOST = "$(BUILT_PRODUCTS_DIR)/ImagePicker.app/ImagePicker";
			};
			name = Release;
		};
		42CB986F27A2CD9500DF93D2 /* Debug */ = {
			isa = XCBuildConfiguration;
			buildSettings = {
				ALWAYS_EMBED_SWIFT_STANDARD_LIBRARIES = YES;
				CODE_SIGN_STYLE = Automatic;
				CURRENT_PROJECT_VERSION = 1;
				DEVELOPMENT_TEAM = H5F32GNS7N;
				GENERATE_INFOPLIST_FILE = YES;
				MARKETING_VERSION = 1.0;
				PRODUCT_BUNDLE_IDENTIFIER = iOS.ImagePickerUITests;
				PRODUCT_NAME = "$(TARGET_NAME)";
				SWIFT_EMIT_LOC_STRINGS = NO;
				SWIFT_VERSION = 5.0;
				TARGETED_DEVICE_FAMILY = "1,2";
				TEST_TARGET_NAME = ImagePicker;
			};
			name = Debug;
		};
		42CB987027A2CD9500DF93D2 /* Release */ = {
			isa = XCBuildConfiguration;
			buildSettings = {
				ALWAYS_EMBED_SWIFT_STANDARD_LIBRARIES = YES;
				CODE_SIGN_STYLE = Automatic;
				CURRENT_PROJECT_VERSION = 1;
				DEVELOPMENT_TEAM = H5F32GNS7N;
				GENERATE_INFOPLIST_FILE = YES;
				MARKETING_VERSION = 1.0;
				PRODUCT_BUNDLE_IDENTIFIER = iOS.ImagePickerUITests;
				PRODUCT_NAME = "$(TARGET_NAME)";
				SWIFT_EMIT_LOC_STRINGS = NO;
				SWIFT_VERSION = 5.0;
				TARGETED_DEVICE_FAMILY = "1,2";
				TEST_TARGET_NAME = ImagePicker;
			};
			name = Release;
		};
/* End XCBuildConfiguration section */

/* Begin XCConfigurationList section */
		42CB983927A2CD9400DF93D2 /* Build configuration list for PBXProject "ImagePicker" */ = {
			isa = XCConfigurationList;
			buildConfigurations = (
				42CB986627A2CD9500DF93D2 /* Debug */,
				42CB986727A2CD9500DF93D2 /* Release */,
			);
			defaultConfigurationIsVisible = 0;
			defaultConfigurationName = Release;
		};
		42CB986827A2CD9500DF93D2 /* Build configuration list for PBXNativeTarget "ImagePicker" */ = {
			isa = XCConfigurationList;
			buildConfigurations = (
				42CB986927A2CD9500DF93D2 /* Debug */,
				42CB986A27A2CD9500DF93D2 /* Release */,
			);
			defaultConfigurationIsVisible = 0;
			defaultConfigurationName = Release;
		};
		42CB986B27A2CD9500DF93D2 /* Build configuration list for PBXNativeTarget "ImagePickerTests" */ = {
			isa = XCConfigurationList;
			buildConfigurations = (
				42CB986C27A2CD9500DF93D2 /* Debug */,
				42CB986D27A2CD9500DF93D2 /* Release */,
			);
			defaultConfigurationIsVisible = 0;
			defaultConfigurationName = Release;
		};
		42CB986E27A2CD9500DF93D2 /* Build configuration list for PBXNativeTarget "ImagePickerUITests" */ = {
			isa = XCConfigurationList;
			buildConfigurations = (
				42CB986F27A2CD9500DF93D2 /* Debug */,
				42CB987027A2CD9500DF93D2 /* Release */,
			);
			defaultConfigurationIsVisible = 0;
			defaultConfigurationName = Release;
		};
/* End XCConfigurationList section */
	};
	rootObject = 42CB983627A2CD9400DF93D2 /* Project object */;
}
